// !$*UTF8*$!
{
	archiveVersion = 1;
	classes = {
	};
	objectVersion = 55;
	objects = {

/* Begin PBXBuildFile section */
		DB44C4D1283E82720004AB7E /* ShakeCoordinates.swift in Sources */ = {isa = PBXBuildFile; fileRef = DB44C4D0283E82720004AB7E /* ShakeCoordinates.swift */; };
		DB44C4D3283E82860004AB7E /* ShakeDirection.swift in Sources */ = {isa = PBXBuildFile; fileRef = DB44C4D2283E82860004AB7E /* ShakeDirection.swift */; };
		DB44C4D5283E82990004AB7E /* ShakeObserver.swift in Sources */ = {isa = PBXBuildFile; fileRef = DB44C4D4283E82990004AB7E /* ShakeObserver.swift */; };
		DB44C4D7283E82C20004AB7E /* ShakeSensibility.swift in Sources */ = {isa = PBXBuildFile; fileRef = DB44C4D6283E82C20004AB7E /* ShakeSensibility.swift */; };
		DB44C4D9283E82D60004AB7E /* WatchDownAction.swift in Sources */ = {isa = PBXBuildFile; fileRef = DB44C4D8283E82D60004AB7E /* WatchDownAction.swift */; };
		DB44C4DD283E83850004AB7E /* PunchAction.swift in Sources */ = {isa = PBXBuildFile; fileRef = DB44C4DC283E83850004AB7E /* PunchAction.swift */; };
		DB44C4DF283E839B0004AB7E /* WatchUpAction.swift in Sources */ = {isa = PBXBuildFile; fileRef = DB44C4DE283E839B0004AB7E /* WatchUpAction.swift */; };
		DB56EBBC2840063E003C7AF4 /* SwipeDownAction.swift in Sources */ = {isa = PBXBuildFile; fileRef = DB56EBBB2840063E003C7AF4 /* SwipeDownAction.swift */; };
		DB56EBBE2840074E003C7AF4 /* SwipeLeftAction.swift in Sources */ = {isa = PBXBuildFile; fileRef = DB56EBBD2840074E003C7AF4 /* SwipeLeftAction.swift */; };
		DB56EBC0284007C2003C7AF4 /* SwipeRightAction.swift in Sources */ = {isa = PBXBuildFile; fileRef = DB56EBBF284007C2003C7AF4 /* SwipeRightAction.swift */; };
		DB6E725D283FBB5500A8FF7E /* CelebrateAction.swift in Sources */ = {isa = PBXBuildFile; fileRef = DB6E725C283FBB5500A8FF7E /* CelebrateAction.swift */; };
		DBD937EA283CFE1400AF00D9 /* TapActionModel.swift in Sources */ = {isa = PBXBuildFile; fileRef = DBD937E9283CFE1400AF00D9 /* TapActionModel.swift */; };
		DBD937EC283CFFB100AF00D9 /* LongPressActionModel.swift in Sources */ = {isa = PBXBuildFile; fileRef = DBD937EB283CFFB100AF00D9 /* LongPressActionModel.swift */; };
		DBECC165283FA8D700094487 /* ShakeAction.swift in Sources */ = {isa = PBXBuildFile; fileRef = DBECC164283FA8D700094487 /* ShakeAction.swift */; };
		DBFE2054284116F100C4A34A /* SoundManager.swift in Sources */ = {isa = PBXBuildFile; fileRef = DBFE2053284116F100C4A34A /* SoundManager.swift */; };
		DBFE205D2841173800C4A34A /* wrong.mp3 in Resources */ = {isa = PBXBuildFile; fileRef = DBFE20572841173800C4A34A /* wrong.mp3 */; };
		E80A1487283FB5B0009DE28B /* FeedbackActionView.swift in Sources */ = {isa = PBXBuildFile; fileRef = E80A1486283FB5B0009DE28B /* FeedbackActionView.swift */; };
		E80A148E28413662009DE28B /* StartGameView.swift in Sources */ = {isa = PBXBuildFile; fileRef = E80A148D28413662009DE28B /* StartGameView.swift */; };
		E80A149728463CB6009DE28B /* swipe_right.mp3 in Resources */ = {isa = PBXBuildFile; fileRef = E80A149028463CB6009DE28B /* swipe_right.mp3 */; };
		E80A149828463CB6009DE28B /* spin_crown.mp3 in Resources */ = {isa = PBXBuildFile; fileRef = E80A149128463CB6009DE28B /* spin_crown.mp3 */; };
		E80A149928463CB6009DE28B /* swipe_down.mp3 in Resources */ = {isa = PBXBuildFile; fileRef = E80A149228463CB6009DE28B /* swipe_down.mp3 */; };
		E80A149A28463CB6009DE28B /* swipe_up.mp3 in Resources */ = {isa = PBXBuildFile; fileRef = E80A149328463CB6009DE28B /* swipe_up.mp3 */; };
		E80A149B28463CB6009DE28B /* press_hold.mp3 in Resources */ = {isa = PBXBuildFile; fileRef = E80A149428463CB6009DE28B /* press_hold.mp3 */; };
		E80A149C28463CB6009DE28B /* tap.mp3 in Resources */ = {isa = PBXBuildFile; fileRef = E80A149528463CB6009DE28B /* tap.mp3 */; };
		E80A149D28463CB6009DE28B /* swipe_left.mp3 in Resources */ = {isa = PBXBuildFile; fileRef = E80A149628463CB6009DE28B /* swipe_left.mp3 */; };
		E80A149F28465610009DE28B /* watch_up.mp3 in Resources */ = {isa = PBXBuildFile; fileRef = E80A149E28465610009DE28B /* watch_up.mp3 */; };
		E80A14A128465641009DE28B /* watch_down.mp3 in Resources */ = {isa = PBXBuildFile; fileRef = E80A14A028465641009DE28B /* watch_down.mp3 */; };
		E80A14A32846567C009DE28B /* shake.mp3 in Resources */ = {isa = PBXBuildFile; fileRef = E80A14A22846567C009DE28B /* shake.mp3 */; };
		E80A14A528465684009DE28B /* punch.mp3 in Resources */ = {isa = PBXBuildFile; fileRef = E80A14A428465684009DE28B /* punch.mp3 */; };
		E80A14A728465767009DE28B /* celebration.mp3 in Resources */ = {isa = PBXBuildFile; fileRef = E80A14A628465767009DE28B /* celebration.mp3 */; };
		E80A14AB28465B0E009DE28B /* back.mp3 in Resources */ = {isa = PBXBuildFile; fileRef = E80A14AA28465B0E009DE28B /* back.mp3 */; };
		E8196D4D2836697E0076F3D6 /* Hit It!.app in Embed Watch Content */ = {isa = PBXBuildFile; fileRef = E8196D4C2836697E0076F3D6 /* Hit It!.app */; settings = {ATTRIBUTES = (RemoveHeadersOnCopy, ); }; };
		E8196D52283669800076F3D6 /* Assets.xcassets in Resources */ = {isa = PBXBuildFile; fileRef = E8196D51283669800076F3D6 /* Assets.xcassets */; };
		E8196D58283669800076F3D6 /* benben WatchKit Extension.appex in Embed App Extensions */ = {isa = PBXBuildFile; fileRef = E8196D57283669800076F3D6 /* benben WatchKit Extension.appex */; settings = {ATTRIBUTES = (RemoveHeadersOnCopy, ); }; };
		E8196D5D283669800076F3D6 /* benbenApp.swift in Sources */ = {isa = PBXBuildFile; fileRef = E8196D5C283669800076F3D6 /* benbenApp.swift */; };
		E8196D5F283669800076F3D6 /* ContentView.swift in Sources */ = {isa = PBXBuildFile; fileRef = E8196D5E283669800076F3D6 /* ContentView.swift */; };
		E8196D61283669800076F3D6 /* NotificationController.swift in Sources */ = {isa = PBXBuildFile; fileRef = E8196D60283669800076F3D6 /* NotificationController.swift */; };
		E8196D63283669800076F3D6 /* NotificationView.swift in Sources */ = {isa = PBXBuildFile; fileRef = E8196D62283669800076F3D6 /* NotificationView.swift */; };
		E8196D65283669800076F3D6 /* ComplicationController.swift in Sources */ = {isa = PBXBuildFile; fileRef = E8196D64283669800076F3D6 /* ComplicationController.swift */; };
		E8196D67283669810076F3D6 /* Assets.xcassets in Resources */ = {isa = PBXBuildFile; fileRef = E8196D66283669810076F3D6 /* Assets.xcassets */; };
		E8196D6A283669810076F3D6 /* Preview Assets.xcassets in Resources */ = {isa = PBXBuildFile; fileRef = E8196D69283669810076F3D6 /* Preview Assets.xcassets */; };
		E8196D7C28366A700076F3D6 /* GameView.swift in Sources */ = {isa = PBXBuildFile; fileRef = E8196D7B28366A700076F3D6 /* GameView.swift */; };
		E8196D7F28366ACA0076F3D6 /* GameViewModel.swift in Sources */ = {isa = PBXBuildFile; fileRef = E8196D7E28366ACA0076F3D6 /* GameViewModel.swift */; };
		E8196D8228366B740076F3D6 /* ActionModel.swift in Sources */ = {isa = PBXBuildFile; fileRef = E8196D8128366B740076F3D6 /* ActionModel.swift */; };
		E8196D8528366DF70076F3D6 /* ViewObserver.swift in Sources */ = {isa = PBXBuildFile; fileRef = E8196D8428366DF70076F3D6 /* ViewObserver.swift */; };
		E8196D8728366F0F0076F3D6 /* DigitalCrownActionModel.swift in Sources */ = {isa = PBXBuildFile; fileRef = E8196D8628366F0F0076F3D6 /* DigitalCrownActionModel.swift */; };
		E8196D89283683230076F3D6 /* SwipeUpAction.swift in Sources */ = {isa = PBXBuildFile; fileRef = E8196D88283683230076F3D6 /* SwipeUpAction.swift */; };
		E8B1F10B28450DCF003B4AE6 /* right.mp3 in Resources */ = {isa = PBXBuildFile; fileRef = E8B1F10A28450DCF003B4AE6 /* right.mp3 */; };
		E8B1F10C28450DCF003B4AE6 /* right.mp3 in Resources */ = {isa = PBXBuildFile; fileRef = E8B1F10A28450DCF003B4AE6 /* right.mp3 */; };
		E8B1F10D28450DCF003B4AE6 /* right.mp3 in Resources */ = {isa = PBXBuildFile; fileRef = E8B1F10A28450DCF003B4AE6 /* right.mp3 */; };
		E8E366E2283E783D00F415A9 /* EndGameView.swift in Sources */ = {isa = PBXBuildFile; fileRef = E8E366E1283E783D00F415A9 /* EndGameView.swift */; };
/* End PBXBuildFile section */

/* Begin PBXContainerItemProxy section */
		E8196D4E2836697E0076F3D6 /* PBXContainerItemProxy */ = {
			isa = PBXContainerItemProxy;
			containerPortal = E8196D422836697E0076F3D6 /* Project object */;
			proxyType = 1;
			remoteGlobalIDString = E8196D4B2836697E0076F3D6;
			remoteInfo = "benben WatchKit App";
		};
		E8196D59283669800076F3D6 /* PBXContainerItemProxy */ = {
			isa = PBXContainerItemProxy;
			containerPortal = E8196D422836697E0076F3D6 /* Project object */;
			proxyType = 1;
			remoteGlobalIDString = E8196D56283669800076F3D6;
			remoteInfo = "benben WatchKit Extension";
		};
/* End PBXContainerItemProxy section */

/* Begin PBXCopyFilesBuildPhase section */
		E8196D72283669810076F3D6 /* Embed App Extensions */ = {
			isa = PBXCopyFilesBuildPhase;
			buildActionMask = 2147483647;
			dstPath = "";
			dstSubfolderSpec = 13;
			files = (
				E8196D58283669800076F3D6 /* benben WatchKit Extension.appex in Embed App Extensions */,
			);
			name = "Embed App Extensions";
			runOnlyForDeploymentPostprocessing = 0;
		};
		E8196D76283669810076F3D6 /* Embed Watch Content */ = {
			isa = PBXCopyFilesBuildPhase;
			buildActionMask = 2147483647;
			dstPath = "$(CONTENTS_FOLDER_PATH)/Watch";
			dstSubfolderSpec = 16;
			files = (
				E8196D4D2836697E0076F3D6 /* Hit It!.app in Embed Watch Content */,
			);
			name = "Embed Watch Content";
			runOnlyForDeploymentPostprocessing = 0;
		};
/* End PBXCopyFilesBuildPhase section */

/* Begin PBXFileReference section */
		DB44C4D0283E82720004AB7E /* ShakeCoordinates.swift */ = {isa = PBXFileReference; lastKnownFileType = sourcecode.swift; path = ShakeCoordinates.swift; sourceTree = "<group>"; };
		DB44C4D2283E82860004AB7E /* ShakeDirection.swift */ = {isa = PBXFileReference; lastKnownFileType = sourcecode.swift; path = ShakeDirection.swift; sourceTree = "<group>"; };
		DB44C4D4283E82990004AB7E /* ShakeObserver.swift */ = {isa = PBXFileReference; lastKnownFileType = sourcecode.swift; path = ShakeObserver.swift; sourceTree = "<group>"; };
		DB44C4D6283E82C20004AB7E /* ShakeSensibility.swift */ = {isa = PBXFileReference; lastKnownFileType = sourcecode.swift; path = ShakeSensibility.swift; sourceTree = "<group>"; };
		DB44C4D8283E82D60004AB7E /* WatchDownAction.swift */ = {isa = PBXFileReference; lastKnownFileType = sourcecode.swift; path = WatchDownAction.swift; sourceTree = "<group>"; };
		DB44C4DC283E83850004AB7E /* PunchAction.swift */ = {isa = PBXFileReference; lastKnownFileType = sourcecode.swift; path = PunchAction.swift; sourceTree = "<group>"; };
		DB44C4DE283E839B0004AB7E /* WatchUpAction.swift */ = {isa = PBXFileReference; lastKnownFileType = sourcecode.swift; path = WatchUpAction.swift; sourceTree = "<group>"; };
		DB56EBBB2840063E003C7AF4 /* SwipeDownAction.swift */ = {isa = PBXFileReference; lastKnownFileType = sourcecode.swift; path = SwipeDownAction.swift; sourceTree = "<group>"; };
		DB56EBBD2840074E003C7AF4 /* SwipeLeftAction.swift */ = {isa = PBXFileReference; lastKnownFileType = sourcecode.swift; path = SwipeLeftAction.swift; sourceTree = "<group>"; };
		DB56EBBF284007C2003C7AF4 /* SwipeRightAction.swift */ = {isa = PBXFileReference; lastKnownFileType = sourcecode.swift; path = SwipeRightAction.swift; sourceTree = "<group>"; };
		DB6E725C283FBB5500A8FF7E /* CelebrateAction.swift */ = {isa = PBXFileReference; lastKnownFileType = sourcecode.swift; path = CelebrateAction.swift; sourceTree = "<group>"; };
		DBD937E9283CFE1400AF00D9 /* TapActionModel.swift */ = {isa = PBXFileReference; lastKnownFileType = sourcecode.swift; path = TapActionModel.swift; sourceTree = "<group>"; };
		DBD937EB283CFFB100AF00D9 /* LongPressActionModel.swift */ = {isa = PBXFileReference; lastKnownFileType = sourcecode.swift; path = LongPressActionModel.swift; sourceTree = "<group>"; };
		DBECC164283FA8D700094487 /* ShakeAction.swift */ = {isa = PBXFileReference; lastKnownFileType = sourcecode.swift; path = ShakeAction.swift; sourceTree = "<group>"; };
		DBFE2053284116F100C4A34A /* SoundManager.swift */ = {isa = PBXFileReference; lastKnownFileType = sourcecode.swift; path = SoundManager.swift; sourceTree = "<group>"; };
		DBFE20572841173800C4A34A /* wrong.mp3 */ = {isa = PBXFileReference; lastKnownFileType = audio.mp3; path = wrong.mp3; sourceTree = "<group>"; };
		E80A1486283FB5B0009DE28B /* FeedbackActionView.swift */ = {isa = PBXFileReference; lastKnownFileType = sourcecode.swift; path = FeedbackActionView.swift; sourceTree = "<group>"; };
		E80A148D28413662009DE28B /* StartGameView.swift */ = {isa = PBXFileReference; lastKnownFileType = sourcecode.swift; path = StartGameView.swift; sourceTree = "<group>"; };
		E80A149028463CB6009DE28B /* swipe_right.mp3 */ = {isa = PBXFileReference; lastKnownFileType = audio.mp3; name = swipe_right.mp3; path = ../../../../../../../../../Downloads/swipe_right.mp3; sourceTree = "<group>"; };
		E80A149128463CB6009DE28B /* spin_crown.mp3 */ = {isa = PBXFileReference; lastKnownFileType = audio.mp3; name = spin_crown.mp3; path = ../../../../../../../../../Downloads/spin_crown.mp3; sourceTree = "<group>"; };
		E80A149228463CB6009DE28B /* swipe_down.mp3 */ = {isa = PBXFileReference; lastKnownFileType = audio.mp3; name = swipe_down.mp3; path = ../../../../../../../../../Downloads/swipe_down.mp3; sourceTree = "<group>"; };
		E80A149328463CB6009DE28B /* swipe_up.mp3 */ = {isa = PBXFileReference; lastKnownFileType = audio.mp3; name = swipe_up.mp3; path = ../../../../../../../../../Downloads/swipe_up.mp3; sourceTree = "<group>"; };
		E80A149428463CB6009DE28B /* press_hold.mp3 */ = {isa = PBXFileReference; lastKnownFileType = audio.mp3; name = press_hold.mp3; path = ../../../../../../../../../Downloads/press_hold.mp3; sourceTree = "<group>"; };
		E80A149528463CB6009DE28B /* tap.mp3 */ = {isa = PBXFileReference; lastKnownFileType = audio.mp3; name = tap.mp3; path = ../../../../../../../../../Downloads/tap.mp3; sourceTree = "<group>"; };
		E80A149628463CB6009DE28B /* swipe_left.mp3 */ = {isa = PBXFileReference; lastKnownFileType = audio.mp3; name = swipe_left.mp3; path = ../../../../../../../../../Downloads/swipe_left.mp3; sourceTree = "<group>"; };
		E80A149E28465610009DE28B /* watch_up.mp3 */ = {isa = PBXFileReference; lastKnownFileType = audio.mp3; name = watch_up.mp3; path = ../../../../../../../../../Downloads/watch_up.mp3; sourceTree = "<group>"; };
		E80A14A028465641009DE28B /* watch_down.mp3 */ = {isa = PBXFileReference; lastKnownFileType = audio.mp3; name = watch_down.mp3; path = ../../../../../../../../../Downloads/watch_down.mp3; sourceTree = "<group>"; };
		E80A14A22846567C009DE28B /* shake.mp3 */ = {isa = PBXFileReference; lastKnownFileType = audio.mp3; name = shake.mp3; path = ../../../../../../../../../Downloads/shake.mp3; sourceTree = "<group>"; };
		E80A14A428465684009DE28B /* punch.mp3 */ = {isa = PBXFileReference; lastKnownFileType = audio.mp3; name = punch.mp3; path = ../../../../../../../../../Downloads/punch.mp3; sourceTree = "<group>"; };
		E80A14A628465767009DE28B /* celebration.mp3 */ = {isa = PBXFileReference; lastKnownFileType = audio.mp3; name = celebration.mp3; path = ../../../../../../../../../Downloads/celebration.mp3; sourceTree = "<group>"; };
		E80A14AA28465B0E009DE28B /* back.mp3 */ = {isa = PBXFileReference; lastKnownFileType = audio.mp3; name = back.mp3; path = ../../../../../sons/back.mp3; sourceTree = "<group>"; };
		E8196D482836697E0076F3D6 /* Hit It!.app */ = {isa = PBXFileReference; explicitFileType = wrapper.application; includeInIndex = 0; path = "Hit It!.app"; sourceTree = BUILT_PRODUCTS_DIR; };
		E8196D4C2836697E0076F3D6 /* Hit It!.app */ = {isa = PBXFileReference; explicitFileType = wrapper.application; includeInIndex = 0; path = "Hit It!.app"; sourceTree = BUILT_PRODUCTS_DIR; };
		E8196D51283669800076F3D6 /* Assets.xcassets */ = {isa = PBXFileReference; lastKnownFileType = folder.assetcatalog; path = Assets.xcassets; sourceTree = "<group>"; };
		E8196D57283669800076F3D6 /* benben WatchKit Extension.appex */ = {isa = PBXFileReference; explicitFileType = "wrapper.app-extension"; includeInIndex = 0; path = "benben WatchKit Extension.appex"; sourceTree = BUILT_PRODUCTS_DIR; };
		E8196D5C283669800076F3D6 /* benbenApp.swift */ = {isa = PBXFileReference; lastKnownFileType = sourcecode.swift; path = benbenApp.swift; sourceTree = "<group>"; };
		E8196D5E283669800076F3D6 /* ContentView.swift */ = {isa = PBXFileReference; lastKnownFileType = sourcecode.swift; path = ContentView.swift; sourceTree = "<group>"; };
		E8196D60283669800076F3D6 /* NotificationController.swift */ = {isa = PBXFileReference; lastKnownFileType = sourcecode.swift; path = NotificationController.swift; sourceTree = "<group>"; };
		E8196D62283669800076F3D6 /* NotificationView.swift */ = {isa = PBXFileReference; lastKnownFileType = sourcecode.swift; path = NotificationView.swift; sourceTree = "<group>"; };
		E8196D64283669800076F3D6 /* ComplicationController.swift */ = {isa = PBXFileReference; lastKnownFileType = sourcecode.swift; path = ComplicationController.swift; sourceTree = "<group>"; };
		E8196D66283669810076F3D6 /* Assets.xcassets */ = {isa = PBXFileReference; lastKnownFileType = folder.assetcatalog; path = Assets.xcassets; sourceTree = "<group>"; };
		E8196D69283669810076F3D6 /* Preview Assets.xcassets */ = {isa = PBXFileReference; lastKnownFileType = folder.assetcatalog; path = "Preview Assets.xcassets"; sourceTree = "<group>"; };
		E8196D6B283669810076F3D6 /* Info.plist */ = {isa = PBXFileReference; lastKnownFileType = text.plist.xml; path = Info.plist; sourceTree = "<group>"; };
		E8196D6C283669810076F3D6 /* PushNotificationPayload.apns */ = {isa = PBXFileReference; lastKnownFileType = text; path = PushNotificationPayload.apns; sourceTree = "<group>"; };
		E8196D7B28366A700076F3D6 /* GameView.swift */ = {isa = PBXFileReference; lastKnownFileType = sourcecode.swift; path = GameView.swift; sourceTree = "<group>"; };
		E8196D7E28366ACA0076F3D6 /* GameViewModel.swift */ = {isa = PBXFileReference; lastKnownFileType = sourcecode.swift; path = GameViewModel.swift; sourceTree = "<group>"; };
		E8196D8128366B740076F3D6 /* ActionModel.swift */ = {isa = PBXFileReference; lastKnownFileType = sourcecode.swift; path = ActionModel.swift; sourceTree = "<group>"; };
		E8196D8428366DF70076F3D6 /* ViewObserver.swift */ = {isa = PBXFileReference; lastKnownFileType = sourcecode.swift; path = ViewObserver.swift; sourceTree = "<group>"; };
		E8196D8628366F0F0076F3D6 /* DigitalCrownActionModel.swift */ = {isa = PBXFileReference; lastKnownFileType = sourcecode.swift; path = DigitalCrownActionModel.swift; sourceTree = "<group>"; };
		E8196D88283683230076F3D6 /* SwipeUpAction.swift */ = {isa = PBXFileReference; lastKnownFileType = sourcecode.swift; path = SwipeUpAction.swift; sourceTree = "<group>"; };
		E8B1F10A28450DCF003B4AE6 /* right.mp3 */ = {isa = PBXFileReference; lastKnownFileType = audio.mp3; path = right.mp3; sourceTree = "<group>"; };
		E8E366E1283E783D00F415A9 /* EndGameView.swift */ = {isa = PBXFileReference; lastKnownFileType = sourcecode.swift; path = EndGameView.swift; sourceTree = "<group>"; };
/* End PBXFileReference section */

/* Begin PBXFrameworksBuildPhase section */
		E8196D54283669800076F3D6 /* Frameworks */ = {
			isa = PBXFrameworksBuildPhase;
			buildActionMask = 2147483647;
			files = (
			);
			runOnlyForDeploymentPostprocessing = 0;
		};
/* End PBXFrameworksBuildPhase section */

/* Begin PBXGroup section */
		DB44C4CF283E82600004AB7E /* ShakeObserver */ = {
			isa = PBXGroup;
			children = (
				DB44C4D0283E82720004AB7E /* ShakeCoordinates.swift */,
				DB44C4D2283E82860004AB7E /* ShakeDirection.swift */,
				DB44C4D4283E82990004AB7E /* ShakeObserver.swift */,
				DB44C4D6283E82C20004AB7E /* ShakeSensibility.swift */,
			);
			path = ShakeObserver;
			sourceTree = "<group>";
		};
		DBFE2052284116D500C4A34A /* Services */ = {
			isa = PBXGroup;
			children = (
				DBFE2053284116F100C4A34A /* SoundManager.swift */,
			);
			path = Services;
			sourceTree = "<group>";
		};
		DBFE20552841172900C4A34A /* Sounds */ = {
			isa = PBXGroup;
			children = (
				E80A14A928465AE9009DE28B /* Background */,
				E80A14A828465AD4009DE28B /* Feedback */,
				E80A148F28463C98009DE28B /* ActionSounds */,
			);
			path = Sounds;
			sourceTree = "<group>";
		};
		E80A148F28463C98009DE28B /* ActionSounds */ = {
			isa = PBXGroup;
			children = (
				E80A14A428465684009DE28B /* punch.mp3 */,
				E80A14A628465767009DE28B /* celebration.mp3 */,
				E80A14A028465641009DE28B /* watch_down.mp3 */,
				E80A149428463CB6009DE28B /* press_hold.mp3 */,
				E80A14A22846567C009DE28B /* shake.mp3 */,
				E80A149E28465610009DE28B /* watch_up.mp3 */,
				E80A149128463CB6009DE28B /* spin_crown.mp3 */,
				E80A149228463CB6009DE28B /* swipe_down.mp3 */,
				E80A149628463CB6009DE28B /* swipe_left.mp3 */,
				E80A149028463CB6009DE28B /* swipe_right.mp3 */,
				E80A149328463CB6009DE28B /* swipe_up.mp3 */,
				E80A149528463CB6009DE28B /* tap.mp3 */,
			);
			path = ActionSounds;
			sourceTree = "<group>";
		};
		E80A14A828465AD4009DE28B /* Feedback */ = {
			isa = PBXGroup;
			children = (
				E8B1F10A28450DCF003B4AE6 /* right.mp3 */,
				DBFE20572841173800C4A34A /* wrong.mp3 */,
			);
			path = Feedback;
			sourceTree = "<group>";
		};
		E80A14A928465AE9009DE28B /* Background */ = {
			isa = PBXGroup;
			children = (
				E80A14AA28465B0E009DE28B /* back.mp3 */,
			);
			path = Background;
			sourceTree = "<group>";
		};
		E8196D412836697E0076F3D6 = {
			isa = PBXGroup;
			children = (
				E8196D502836697E0076F3D6 /* benben WatchKit App */,
				E8196D5B283669800076F3D6 /* benben WatchKit Extension */,
				E8196D492836697E0076F3D6 /* Products */,
			);
			sourceTree = "<group>";
		};
		E8196D492836697E0076F3D6 /* Products */ = {
			isa = PBXGroup;
			children = (
				E8196D482836697E0076F3D6 /* Hit It!.app */,
				E8196D4C2836697E0076F3D6 /* Hit It!.app */,
				E8196D57283669800076F3D6 /* benben WatchKit Extension.appex */,
			);
			name = Products;
			sourceTree = "<group>";
		};
		E8196D502836697E0076F3D6 /* benben WatchKit App */ = {
			isa = PBXGroup;
			children = (
				E8196D51283669800076F3D6 /* Assets.xcassets */,
			);
			path = "benben WatchKit App";
			sourceTree = "<group>";
		};
		E8196D5B283669800076F3D6 /* benben WatchKit Extension */ = {
			isa = PBXGroup;
			children = (
				E8196D8328366DD10076F3D6 /* Observers */,
				DBFE20552841172900C4A34A /* Sounds */,
				DBFE2052284116D500C4A34A /* Services */,
				E8196D8028366AE70076F3D6 /* Model */,
				E8196D7D28366A8E0076F3D6 /* ViewModel */,
				E8196D7A28366A430076F3D6 /* View */,
				E8196D5C283669800076F3D6 /* benbenApp.swift */,
				E8196D60283669800076F3D6 /* NotificationController.swift */,
				E8196D62283669800076F3D6 /* NotificationView.swift */,
				E8196D64283669800076F3D6 /* ComplicationController.swift */,
				E8196D66283669810076F3D6 /* Assets.xcassets */,
				E8196D6B283669810076F3D6 /* Info.plist */,
				E8196D6C283669810076F3D6 /* PushNotificationPayload.apns */,
				E8196D68283669810076F3D6 /* Preview Content */,
			);
			path = "benben WatchKit Extension";
			sourceTree = "<group>";
		};
		E8196D68283669810076F3D6 /* Preview Content */ = {
			isa = PBXGroup;
			children = (
				E8196D69283669810076F3D6 /* Preview Assets.xcassets */,
			);
			path = "Preview Content";
			sourceTree = "<group>";
		};
		E8196D7A28366A430076F3D6 /* View */ = {
			isa = PBXGroup;
			children = (
				E8196D5E283669800076F3D6 /* ContentView.swift */,
				E8196D7B28366A700076F3D6 /* GameView.swift */,
				E8E366E1283E783D00F415A9 /* EndGameView.swift */,
				E80A1486283FB5B0009DE28B /* FeedbackActionView.swift */,
				E80A148D28413662009DE28B /* StartGameView.swift */,
			);
			path = View;
			sourceTree = "<group>";
		};
		E8196D7D28366A8E0076F3D6 /* ViewModel */ = {
			isa = PBXGroup;
			children = (
				E8196D7E28366ACA0076F3D6 /* GameViewModel.swift */,
			);
			path = ViewModel;
			sourceTree = "<group>";
		};
		E8196D8028366AE70076F3D6 /* Model */ = {
			isa = PBXGroup;
			children = (
				E8196D8128366B740076F3D6 /* ActionModel.swift */,
				E8196D8628366F0F0076F3D6 /* DigitalCrownActionModel.swift */,
				E8196D88283683230076F3D6 /* SwipeUpAction.swift */,
				DB56EBBB2840063E003C7AF4 /* SwipeDownAction.swift */,
				DB56EBBD2840074E003C7AF4 /* SwipeLeftAction.swift */,
				DB56EBBF284007C2003C7AF4 /* SwipeRightAction.swift */,
				DBD937E9283CFE1400AF00D9 /* TapActionModel.swift */,
				DB44C4DC283E83850004AB7E /* PunchAction.swift */,
				DB44C4D8283E82D60004AB7E /* WatchDownAction.swift */,
				DB44C4DE283E839B0004AB7E /* WatchUpAction.swift */,
				DBECC164283FA8D700094487 /* ShakeAction.swift */,
				DB6E725C283FBB5500A8FF7E /* CelebrateAction.swift */,
				DBD937EB283CFFB100AF00D9 /* LongPressActionModel.swift */,
			);
			path = Model;
			sourceTree = "<group>";
		};
		E8196D8328366DD10076F3D6 /* Observers */ = {
			isa = PBXGroup;
			children = (
				DB44C4CF283E82600004AB7E /* ShakeObserver */,
				E8196D8428366DF70076F3D6 /* ViewObserver.swift */,
			);
			path = Observers;
			sourceTree = "<group>";
		};
/* End PBXGroup section */

/* Begin PBXNativeTarget section */
		E8196D472836697E0076F3D6 /* benben */ = {
			isa = PBXNativeTarget;
			buildConfigurationList = E8196D77283669810076F3D6 /* Build configuration list for PBXNativeTarget "benben" */;
			buildPhases = (
				E8196D462836697E0076F3D6 /* Resources */,
				E8196D76283669810076F3D6 /* Embed Watch Content */,
			);
			buildRules = (
			);
			dependencies = (
				E8196D4F2836697E0076F3D6 /* PBXTargetDependency */,
			);
			name = benben;
			productName = benben;
			productReference = E8196D482836697E0076F3D6 /* Hit It!.app */;
			productType = "com.apple.product-type.application.watchapp2-container";
		};
		E8196D4B2836697E0076F3D6 /* benben WatchKit App */ = {
			isa = PBXNativeTarget;
			buildConfigurationList = E8196D73283669810076F3D6 /* Build configuration list for PBXNativeTarget "benben WatchKit App" */;
			buildPhases = (
				E8196D4A2836697E0076F3D6 /* Resources */,
				E8196D72283669810076F3D6 /* Embed App Extensions */,
			);
			buildRules = (
			);
			dependencies = (
				E8196D5A283669800076F3D6 /* PBXTargetDependency */,
			);
			name = "benben WatchKit App";
			productName = "benben WatchKit App";
			productReference = E8196D4C2836697E0076F3D6 /* Hit It!.app */;
			productType = "com.apple.product-type.application.watchapp2";
		};
		E8196D56283669800076F3D6 /* benben WatchKit Extension */ = {
			isa = PBXNativeTarget;
			buildConfigurationList = E8196D6F283669810076F3D6 /* Build configuration list for PBXNativeTarget "benben WatchKit Extension" */;
			buildPhases = (
				E8196D53283669800076F3D6 /* Sources */,
				E8196D54283669800076F3D6 /* Frameworks */,
				E8196D55283669800076F3D6 /* Resources */,
			);
			buildRules = (
			);
			dependencies = (
			);
			name = "benben WatchKit Extension";
			productName = "benben WatchKit Extension";
			productReference = E8196D57283669800076F3D6 /* benben WatchKit Extension.appex */;
			productType = "com.apple.product-type.watchkit2-extension";
		};
/* End PBXNativeTarget section */

/* Begin PBXProject section */
		E8196D422836697E0076F3D6 /* Project object */ = {
			isa = PBXProject;
			attributes = {
				BuildIndependentTargetsInParallel = 1;
				LastSwiftUpdateCheck = 1340;
				LastUpgradeCheck = 1340;
				TargetAttributes = {
					E8196D472836697E0076F3D6 = {
						CreatedOnToolsVersion = 13.4;
					};
					E8196D4B2836697E0076F3D6 = {
						CreatedOnToolsVersion = 13.4;
					};
					E8196D56283669800076F3D6 = {
						CreatedOnToolsVersion = 13.4;
					};
				};
			};
			buildConfigurationList = E8196D452836697E0076F3D6 /* Build configuration list for PBXProject "benben" */;
			compatibilityVersion = "Xcode 13.0";
			developmentRegion = en;
			hasScannedForEncodings = 0;
			knownRegions = (
				en,
				Base,
			);
			mainGroup = E8196D412836697E0076F3D6;
			productRefGroup = E8196D492836697E0076F3D6 /* Products */;
			projectDirPath = "";
			projectRoot = "";
			targets = (
				E8196D472836697E0076F3D6 /* benben */,
				E8196D4B2836697E0076F3D6 /* benben WatchKit App */,
				E8196D56283669800076F3D6 /* benben WatchKit Extension */,
			);
		};
/* End PBXProject section */

/* Begin PBXResourcesBuildPhase section */
		E8196D462836697E0076F3D6 /* Resources */ = {
			isa = PBXResourcesBuildPhase;
			buildActionMask = 2147483647;
			files = (
				E8B1F10B28450DCF003B4AE6 /* right.mp3 in Resources */,
			);
			runOnlyForDeploymentPostprocessing = 0;
		};
		E8196D4A2836697E0076F3D6 /* Resources */ = {
			isa = PBXResourcesBuildPhase;
			buildActionMask = 2147483647;
			files = (
				E8196D52283669800076F3D6 /* Assets.xcassets in Resources */,
				E8B1F10C28450DCF003B4AE6 /* right.mp3 in Resources */,
			);
			runOnlyForDeploymentPostprocessing = 0;
		};
		E8196D55283669800076F3D6 /* Resources */ = {
			isa = PBXResourcesBuildPhase;
			buildActionMask = 2147483647;
			files = (
				DBFE205D2841173800C4A34A /* wrong.mp3 in Resources */,
				E80A149728463CB6009DE28B /* swipe_right.mp3 in Resources */,
				E8B1F10D28450DCF003B4AE6 /* right.mp3 in Resources */,
				E80A149B28463CB6009DE28B /* press_hold.mp3 in Resources */,
				E8196D6A283669810076F3D6 /* Preview Assets.xcassets in Resources */,
				E80A14A728465767009DE28B /* celebration.mp3 in Resources */,
				E80A149F28465610009DE28B /* watch_up.mp3 in Resources */,
				E80A149828463CB6009DE28B /* spin_crown.mp3 in Resources */,
				E80A14A32846567C009DE28B /* shake.mp3 in Resources */,
				E80A149C28463CB6009DE28B /* tap.mp3 in Resources */,
				E8196D67283669810076F3D6 /* Assets.xcassets in Resources */,
				E80A14AB28465B0E009DE28B /* back.mp3 in Resources */,
				E80A14A528465684009DE28B /* punch.mp3 in Resources */,
				E80A149A28463CB6009DE28B /* swipe_up.mp3 in Resources */,
				E80A149D28463CB6009DE28B /* swipe_left.mp3 in Resources */,
				E80A14A128465641009DE28B /* watch_down.mp3 in Resources */,
				E80A149928463CB6009DE28B /* swipe_down.mp3 in Resources */,
			);
			runOnlyForDeploymentPostprocessing = 0;
		};
/* End PBXResourcesBuildPhase section */

/* Begin PBXSourcesBuildPhase section */
		E8196D53283669800076F3D6 /* Sources */ = {
			isa = PBXSourcesBuildPhase;
			buildActionMask = 2147483647;
			files = (
				E8196D61283669800076F3D6 /* NotificationController.swift in Sources */,
				E80A1487283FB5B0009DE28B /* FeedbackActionView.swift in Sources */,
				E8196D5F283669800076F3D6 /* ContentView.swift in Sources */,
				DB44C4DF283E839B0004AB7E /* WatchUpAction.swift in Sources */,
				DB44C4D5283E82990004AB7E /* ShakeObserver.swift in Sources */,
				DB44C4DD283E83850004AB7E /* PunchAction.swift in Sources */,
				E8196D89283683230076F3D6 /* SwipeUpAction.swift in Sources */,
				DB56EBC0284007C2003C7AF4 /* SwipeRightAction.swift in Sources */,
				DBD937EA283CFE1400AF00D9 /* TapActionModel.swift in Sources */,
				DBFE2054284116F100C4A34A /* SoundManager.swift in Sources */,
				E8196D8728366F0F0076F3D6 /* DigitalCrownActionModel.swift in Sources */,
				DB44C4D9283E82D60004AB7E /* WatchDownAction.swift in Sources */,
				E8196D65283669800076F3D6 /* ComplicationController.swift in Sources */,
				DBECC165283FA8D700094487 /* ShakeAction.swift in Sources */,
				E8E366E2283E783D00F415A9 /* EndGameView.swift in Sources */,
				E8196D65283669800076F3D6 /* ComplicationController.swift in Sources */,
				E80A148E28413662009DE28B /* StartGameView.swift in Sources */,
				E8196D8528366DF70076F3D6 /* ViewObserver.swift in Sources */,
				E8196D8228366B740076F3D6 /* ActionModel.swift in Sources */,
				DB56EBBC2840063E003C7AF4 /* SwipeDownAction.swift in Sources */,
				DBD937EC283CFFB100AF00D9 /* LongPressActionModel.swift in Sources */,
				E8196D5D283669800076F3D6 /* benbenApp.swift in Sources */,
				E8196D7C28366A700076F3D6 /* GameView.swift in Sources */,
				DB44C4D1283E82720004AB7E /* ShakeCoordinates.swift in Sources */,
				DB44C4D7283E82C20004AB7E /* ShakeSensibility.swift in Sources */,
				E8196D63283669800076F3D6 /* NotificationView.swift in Sources */,
				DB6E725D283FBB5500A8FF7E /* CelebrateAction.swift in Sources */,
				DB44C4D3283E82860004AB7E /* ShakeDirection.swift in Sources */,
				E8196D7F28366ACA0076F3D6 /* GameViewModel.swift in Sources */,
				DB56EBBE2840074E003C7AF4 /* SwipeLeftAction.swift in Sources */,
			);
			runOnlyForDeploymentPostprocessing = 0;
		};
/* End PBXSourcesBuildPhase section */

/* Begin PBXTargetDependency section */
		E8196D4F2836697E0076F3D6 /* PBXTargetDependency */ = {
			isa = PBXTargetDependency;
			target = E8196D4B2836697E0076F3D6 /* benben WatchKit App */;
			targetProxy = E8196D4E2836697E0076F3D6 /* PBXContainerItemProxy */;
		};
		E8196D5A283669800076F3D6 /* PBXTargetDependency */ = {
			isa = PBXTargetDependency;
			target = E8196D56283669800076F3D6 /* benben WatchKit Extension */;
			targetProxy = E8196D59283669800076F3D6 /* PBXContainerItemProxy */;
		};
/* End PBXTargetDependency section */

/* Begin XCBuildConfiguration section */
		E8196D6D283669810076F3D6 /* Debug */ = {
			isa = XCBuildConfiguration;
			buildSettings = {
				ALWAYS_SEARCH_USER_PATHS = NO;
				CLANG_ANALYZER_NONNULL = YES;
				CLANG_ANALYZER_NUMBER_OBJECT_CONVERSION = YES_AGGRESSIVE;
				CLANG_CXX_LANGUAGE_STANDARD = "gnu++17";
				CLANG_ENABLE_MODULES = YES;
				CLANG_ENABLE_OBJC_ARC = YES;
				CLANG_ENABLE_OBJC_WEAK = YES;
				CLANG_WARN_BLOCK_CAPTURE_AUTORELEASING = YES;
				CLANG_WARN_BOOL_CONVERSION = YES;
				CLANG_WARN_COMMA = YES;
				CLANG_WARN_CONSTANT_CONVERSION = YES;
				CLANG_WARN_DEPRECATED_OBJC_IMPLEMENTATIONS = YES;
				CLANG_WARN_DIRECT_OBJC_ISA_USAGE = YES_ERROR;
				CLANG_WARN_DOCUMENTATION_COMMENTS = YES;
				CLANG_WARN_EMPTY_BODY = YES;
				CLANG_WARN_ENUM_CONVERSION = YES;
				CLANG_WARN_INFINITE_RECURSION = YES;
				CLANG_WARN_INT_CONVERSION = YES;
				CLANG_WARN_NON_LITERAL_NULL_CONVERSION = YES;
				CLANG_WARN_OBJC_IMPLICIT_RETAIN_SELF = YES;
				CLANG_WARN_OBJC_LITERAL_CONVERSION = YES;
				CLANG_WARN_OBJC_ROOT_CLASS = YES_ERROR;
				CLANG_WARN_QUOTED_INCLUDE_IN_FRAMEWORK_HEADER = YES;
				CLANG_WARN_RANGE_LOOP_ANALYSIS = YES;
				CLANG_WARN_STRICT_PROTOTYPES = YES;
				CLANG_WARN_SUSPICIOUS_MOVE = YES;
				CLANG_WARN_UNGUARDED_AVAILABILITY = YES_AGGRESSIVE;
				CLANG_WARN_UNREACHABLE_CODE = YES;
				CLANG_WARN__DUPLICATE_METHOD_MATCH = YES;
				COPY_PHASE_STRIP = NO;
				DEBUG_INFORMATION_FORMAT = dwarf;
				ENABLE_STRICT_OBJC_MSGSEND = YES;
				ENABLE_TESTABILITY = YES;
				GCC_C_LANGUAGE_STANDARD = gnu11;
				GCC_DYNAMIC_NO_PIC = NO;
				GCC_NO_COMMON_BLOCKS = YES;
				GCC_OPTIMIZATION_LEVEL = 0;
				GCC_PREPROCESSOR_DEFINITIONS = (
					"DEBUG=1",
					"$(inherited)",
				);
				GCC_WARN_64_TO_32_BIT_CONVERSION = YES;
				GCC_WARN_ABOUT_RETURN_TYPE = YES_ERROR;
				GCC_WARN_UNDECLARED_SELECTOR = YES;
				GCC_WARN_UNINITIALIZED_AUTOS = YES_AGGRESSIVE;
				GCC_WARN_UNUSED_FUNCTION = YES;
				GCC_WARN_UNUSED_VARIABLE = YES;
				MTL_ENABLE_DEBUG_INFO = INCLUDE_SOURCE;
				MTL_FAST_MATH = YES;
				ONLY_ACTIVE_ARCH = YES;
				SDKROOT = iphoneos;
				SWIFT_ACTIVE_COMPILATION_CONDITIONS = DEBUG;
				SWIFT_OPTIMIZATION_LEVEL = "-Onone";
			};
			name = Debug;
		};
		E8196D6E283669810076F3D6 /* Release */ = {
			isa = XCBuildConfiguration;
			buildSettings = {
				ALWAYS_SEARCH_USER_PATHS = NO;
				CLANG_ANALYZER_NONNULL = YES;
				CLANG_ANALYZER_NUMBER_OBJECT_CONVERSION = YES_AGGRESSIVE;
				CLANG_CXX_LANGUAGE_STANDARD = "gnu++17";
				CLANG_ENABLE_MODULES = YES;
				CLANG_ENABLE_OBJC_ARC = YES;
				CLANG_ENABLE_OBJC_WEAK = YES;
				CLANG_WARN_BLOCK_CAPTURE_AUTORELEASING = YES;
				CLANG_WARN_BOOL_CONVERSION = YES;
				CLANG_WARN_COMMA = YES;
				CLANG_WARN_CONSTANT_CONVERSION = YES;
				CLANG_WARN_DEPRECATED_OBJC_IMPLEMENTATIONS = YES;
				CLANG_WARN_DIRECT_OBJC_ISA_USAGE = YES_ERROR;
				CLANG_WARN_DOCUMENTATION_COMMENTS = YES;
				CLANG_WARN_EMPTY_BODY = YES;
				CLANG_WARN_ENUM_CONVERSION = YES;
				CLANG_WARN_INFINITE_RECURSION = YES;
				CLANG_WARN_INT_CONVERSION = YES;
				CLANG_WARN_NON_LITERAL_NULL_CONVERSION = YES;
				CLANG_WARN_OBJC_IMPLICIT_RETAIN_SELF = YES;
				CLANG_WARN_OBJC_LITERAL_CONVERSION = YES;
				CLANG_WARN_OBJC_ROOT_CLASS = YES_ERROR;
				CLANG_WARN_QUOTED_INCLUDE_IN_FRAMEWORK_HEADER = YES;
				CLANG_WARN_RANGE_LOOP_ANALYSIS = YES;
				CLANG_WARN_STRICT_PROTOTYPES = YES;
				CLANG_WARN_SUSPICIOUS_MOVE = YES;
				CLANG_WARN_UNGUARDED_AVAILABILITY = YES_AGGRESSIVE;
				CLANG_WARN_UNREACHABLE_CODE = YES;
				CLANG_WARN__DUPLICATE_METHOD_MATCH = YES;
				COPY_PHASE_STRIP = NO;
				DEBUG_INFORMATION_FORMAT = "dwarf-with-dsym";
				ENABLE_NS_ASSERTIONS = NO;
				ENABLE_STRICT_OBJC_MSGSEND = YES;
				GCC_C_LANGUAGE_STANDARD = gnu11;
				GCC_NO_COMMON_BLOCKS = YES;
				GCC_WARN_64_TO_32_BIT_CONVERSION = YES;
				GCC_WARN_ABOUT_RETURN_TYPE = YES_ERROR;
				GCC_WARN_UNDECLARED_SELECTOR = YES;
				GCC_WARN_UNINITIALIZED_AUTOS = YES_AGGRESSIVE;
				GCC_WARN_UNUSED_FUNCTION = YES;
				GCC_WARN_UNUSED_VARIABLE = YES;
				MTL_ENABLE_DEBUG_INFO = NO;
				MTL_FAST_MATH = YES;
				SDKROOT = iphoneos;
				SWIFT_COMPILATION_MODE = wholemodule;
				SWIFT_OPTIMIZATION_LEVEL = "-O";
				VALIDATE_PRODUCT = YES;
			};
			name = Release;
		};
		E8196D70283669810076F3D6 /* Debug */ = {
			isa = XCBuildConfiguration;
			buildSettings = {
				ASSETCATALOG_COMPILER_COMPLICATION_NAME = Complication;
				CODE_SIGN_STYLE = Automatic;
				CURRENT_PROJECT_VERSION = 1;
				DEVELOPMENT_ASSET_PATHS = "\"benben WatchKit Extension/Preview Content\"";
				DEVELOPMENT_TEAM = FRMHAB2739;
				ENABLE_PREVIEWS = YES;
				GENERATE_INFOPLIST_FILE = YES;
				INFOPLIST_FILE = "benben WatchKit Extension/Info.plist";
				INFOPLIST_KEY_CFBundleDisplayName = "Hit It!";
				INFOPLIST_KEY_CLKComplicationPrincipalClass = benben_WatchKit_Extension.ComplicationController;
				INFOPLIST_KEY_NSHumanReadableCopyright = "";
				INFOPLIST_KEY_WKWatchOnly = YES;
				LD_RUNPATH_SEARCH_PATHS = (
					"$(inherited)",
					"@executable_path/Frameworks",
					"@executable_path/../../Frameworks",
				);
				MARKETING_VERSION = 1.0;
				PRODUCT_BUNDLE_IDENTIFIER = br.com.karenbaliero.benben.watchkitapp.watchkitextension;
				PRODUCT_NAME = "${TARGET_NAME}";
				SDKROOT = watchos;
				SKIP_INSTALL = YES;
				SWIFT_EMIT_LOC_STRINGS = YES;
				SWIFT_VERSION = 5.0;
				TARGETED_DEVICE_FAMILY = 4;
				WATCHOS_DEPLOYMENT_TARGET = 8.5;
			};
			name = Debug;
		};
		E8196D71283669810076F3D6 /* Release */ = {
			isa = XCBuildConfiguration;
			buildSettings = {
				ASSETCATALOG_COMPILER_COMPLICATION_NAME = Complication;
				CODE_SIGN_STYLE = Automatic;
				CURRENT_PROJECT_VERSION = 1;
				DEVELOPMENT_ASSET_PATHS = "\"benben WatchKit Extension/Preview Content\"";
				DEVELOPMENT_TEAM = FRMHAB2739;
				ENABLE_PREVIEWS = YES;
				GENERATE_INFOPLIST_FILE = YES;
				INFOPLIST_FILE = "benben WatchKit Extension/Info.plist";
				INFOPLIST_KEY_CFBundleDisplayName = "Hit It!";
				INFOPLIST_KEY_CLKComplicationPrincipalClass = benben_WatchKit_Extension.ComplicationController;
				INFOPLIST_KEY_NSHumanReadableCopyright = "";
				INFOPLIST_KEY_WKWatchOnly = YES;
				LD_RUNPATH_SEARCH_PATHS = (
					"$(inherited)",
					"@executable_path/Frameworks",
					"@executable_path/../../Frameworks",
				);
				MARKETING_VERSION = 1.0;
				PRODUCT_BUNDLE_IDENTIFIER = br.com.karenbaliero.benben.watchkitapp.watchkitextension;
				PRODUCT_NAME = "${TARGET_NAME}";
				SDKROOT = watchos;
				SKIP_INSTALL = YES;
				SWIFT_EMIT_LOC_STRINGS = YES;
				SWIFT_VERSION = 5.0;
				TARGETED_DEVICE_FAMILY = 4;
				WATCHOS_DEPLOYMENT_TARGET = 8.5;
			};
			name = Release;
		};
		E8196D74283669810076F3D6 /* Debug */ = {
			isa = XCBuildConfiguration;
			buildSettings = {
				ALWAYS_EMBED_SWIFT_STANDARD_LIBRARIES = YES;
				ASSETCATALOG_COMPILER_APPICON_NAME = AppIcon;
				ASSETCATALOG_COMPILER_GLOBAL_ACCENT_COLOR_NAME = AccentColor;
				CODE_SIGN_STYLE = Automatic;
				CURRENT_PROJECT_VERSION = 1;
				DEVELOPMENT_TEAM = FRMHAB2739;
				GENERATE_INFOPLIST_FILE = YES;
				IBSC_MODULE = benben_WatchKit_Extension;
				INFOPLIST_KEY_UISupportedInterfaceOrientations = "UIInterfaceOrientationPortrait UIInterfaceOrientationPortraitUpsideDown";
				MARKETING_VERSION = 1.0;
				PRODUCT_BUNDLE_IDENTIFIER = br.com.karenbaliero.benben.watchkitapp;
				PRODUCT_NAME = "Hit It!";
				SDKROOT = watchos;
				SKIP_INSTALL = YES;
				SWIFT_EMIT_LOC_STRINGS = YES;
				SWIFT_VERSION = 5.0;
				TARGETED_DEVICE_FAMILY = 4;
				WATCHOS_DEPLOYMENT_TARGET = 8.5;
			};
			name = Debug;
		};
		E8196D75283669810076F3D6 /* Release */ = {
			isa = XCBuildConfiguration;
			buildSettings = {
				ALWAYS_EMBED_SWIFT_STANDARD_LIBRARIES = YES;
				ASSETCATALOG_COMPILER_APPICON_NAME = AppIcon;
				ASSETCATALOG_COMPILER_GLOBAL_ACCENT_COLOR_NAME = AccentColor;
				CODE_SIGN_STYLE = Automatic;
				CURRENT_PROJECT_VERSION = 1;
				DEVELOPMENT_TEAM = FRMHAB2739;
				GENERATE_INFOPLIST_FILE = YES;
				IBSC_MODULE = benben_WatchKit_Extension;
				INFOPLIST_KEY_UISupportedInterfaceOrientations = "UIInterfaceOrientationPortrait UIInterfaceOrientationPortraitUpsideDown";
				MARKETING_VERSION = 1.0;
				PRODUCT_BUNDLE_IDENTIFIER = br.com.karenbaliero.benben.watchkitapp;
				PRODUCT_NAME = "Hit It!";
				SDKROOT = watchos;
				SKIP_INSTALL = YES;
				SWIFT_EMIT_LOC_STRINGS = YES;
				SWIFT_VERSION = 5.0;
				TARGETED_DEVICE_FAMILY = 4;
				WATCHOS_DEPLOYMENT_TARGET = 8.5;
			};
			name = Release;
		};
		E8196D78283669810076F3D6 /* Debug */ = {
			isa = XCBuildConfiguration;
			buildSettings = {
				CODE_SIGN_STYLE = Automatic;
				CURRENT_PROJECT_VERSION = 1;
				DEVELOPMENT_TEAM = FRMHAB2739;
				INFOPLIST_KEY_CFBundleDisplayName = "Hit It!";
				MARKETING_VERSION = 1.0;
				PRODUCT_BUNDLE_IDENTIFIER = br.com.karenbaliero.benben;
				PRODUCT_NAME = "Hit It!";
				SWIFT_VERSION = 5.0;
			};
			name = Debug;
		};
		E8196D79283669810076F3D6 /* Release */ = {
			isa = XCBuildConfiguration;
			buildSettings = {
				CODE_SIGN_STYLE = Automatic;
				CURRENT_PROJECT_VERSION = 1;
				DEVELOPMENT_TEAM = FRMHAB2739;
				INFOPLIST_KEY_CFBundleDisplayName = "Hit It!";
				MARKETING_VERSION = 1.0;
				PRODUCT_BUNDLE_IDENTIFIER = br.com.karenbaliero.benben;
				PRODUCT_NAME = "Hit It!";
				SWIFT_VERSION = 5.0;
			};
			name = Release;
		};
/* End XCBuildConfiguration section */

/* Begin XCConfigurationList section */
		E8196D452836697E0076F3D6 /* Build configuration list for PBXProject "benben" */ = {
			isa = XCConfigurationList;
			buildConfigurations = (
				E8196D6D283669810076F3D6 /* Debug */,
				E8196D6E283669810076F3D6 /* Release */,
			);
			defaultConfigurationIsVisible = 0;
			defaultConfigurationName = Release;
		};
		E8196D6F283669810076F3D6 /* Build configuration list for PBXNativeTarget "benben WatchKit Extension" */ = {
			isa = XCConfigurationList;
			buildConfigurations = (
				E8196D70283669810076F3D6 /* Debug */,
				E8196D71283669810076F3D6 /* Release */,
			);
			defaultConfigurationIsVisible = 0;
			defaultConfigurationName = Release;
		};
		E8196D73283669810076F3D6 /* Build configuration list for PBXNativeTarget "benben WatchKit App" */ = {
			isa = XCConfigurationList;
			buildConfigurations = (
				E8196D74283669810076F3D6 /* Debug */,
				E8196D75283669810076F3D6 /* Release */,
			);
			defaultConfigurationIsVisible = 0;
			defaultConfigurationName = Release;
		};
		E8196D77283669810076F3D6 /* Build configuration list for PBXNativeTarget "benben" */ = {
			isa = XCConfigurationList;
			buildConfigurations = (
				E8196D78283669810076F3D6 /* Debug */,
				E8196D79283669810076F3D6 /* Release */,
			);
			defaultConfigurationIsVisible = 0;
			defaultConfigurationName = Release;
		};
/* End XCConfigurationList section */
	};
	rootObject = E8196D422836697E0076F3D6 /* Project object */;
}
