// !$*UTF8*$!
{
	archiveVersion = 1;
	classes = {
	};
	objectVersion = 55;
	objects = {

/* Begin PBXBuildFile section */
		DB30A7762841142C004467C1 /* right.mp3 in Resources */ = {isa = PBXBuildFile; fileRef = DB30A7742841142C004467C1 /* right.mp3 */; };
		DB30A7772841142C004467C1 /* right.mp3 in Resources */ = {isa = PBXBuildFile; fileRef = DB30A7742841142C004467C1 /* right.mp3 */; };
		DB30A7782841142C004467C1 /* right.mp3 in Resources */ = {isa = PBXBuildFile; fileRef = DB30A7742841142C004467C1 /* right.mp3 */; };
		DB30A7792841142C004467C1 /* wrong.mp3 in Resources */ = {isa = PBXBuildFile; fileRef = DB30A7752841142C004467C1 /* wrong.mp3 */; };
		DB30A77A2841142C004467C1 /* wrong.mp3 in Resources */ = {isa = PBXBuildFile; fileRef = DB30A7752841142C004467C1 /* wrong.mp3 */; };
		DB30A77B2841142C004467C1 /* wrong.mp3 in Resources */ = {isa = PBXBuildFile; fileRef = DB30A7752841142C004467C1 /* wrong.mp3 */; };
		DBD937EA283CFE1400AF00D9 /* TapActionModel.swift in Sources */ = {isa = PBXBuildFile; fileRef = DBD937E9283CFE1400AF00D9 /* TapActionModel.swift */; };
		E8196D4D2836697E0076F3D6 /* benben WatchKit App.app in Embed Watch Content */ = {isa = PBXBuildFile; fileRef = E8196D4C2836697E0076F3D6 /* benben WatchKit App.app */; settings = {ATTRIBUTES = (RemoveHeadersOnCopy, ); }; };
		E8196D52283669800076F3D6 /* Assets.xcassets in Resources */ = {isa = PBXBuildFile; fileRef = E8196D51283669800076F3D6 /* Assets.xcassets */; };
		E8196D58283669800076F3D6 /* benben WatchKit Extension.appex in Embed App Extensions */ = {isa = PBXBuildFile; fileRef = E8196D57283669800076F3D6 /* benben WatchKit Extension.appex */; settings = {ATTRIBUTES = (RemoveHeadersOnCopy, ); }; };
		E8196D5D283669800076F3D6 /* benbenApp.swift in Sources */ = {isa = PBXBuildFile; fileRef = E8196D5C283669800076F3D6 /* benbenApp.swift */; };
		E8196D5F283669800076F3D6 /* ContentView.swift in Sources */ = {isa = PBXBuildFile; fileRef = E8196D5E283669800076F3D6 /* ContentView.swift */; };
		E8196D61283669800076F3D6 /* NotificationController.swift in Sources */ = {isa = PBXBuildFile; fileRef = E8196D60283669800076F3D6 /* NotificationController.swift */; };
		E8196D63283669800076F3D6 /* NotificationView.swift in Sources */ = {isa = PBXBuildFile; fileRef = E8196D62283669800076F3D6 /* NotificationView.swift */; };
		E8196D65283669800076F3D6 /* ComplicationController.swift in Sources */ = {isa = PBXBuildFile; fileRef = E8196D64283669800076F3D6 /* ComplicationController.swift */; };
		E8196D67283669810076F3D6 /* Assets.xcassets in Resources */ = {isa = PBXBuildFile; fileRef = E8196D66283669810076F3D6 /* Assets.xcassets */; };
		E8196D6A283669810076F3D6 /* Preview Assets.xcassets in Resources */ = {isa = PBXBuildFile; fileRef = E8196D69283669810076F3D6 /* Preview Assets.xcassets */; };
		E8196D7C28366A700076F3D6 /* GameView.swift in Sources */ = {isa = PBXBuildFile; fileRef = E8196D7B28366A700076F3D6 /* GameView.swift */; };
		E8196D7F28366ACA0076F3D6 /* GameViewModel.swift in Sources */ = {isa = PBXBuildFile; fileRef = E8196D7E28366ACA0076F3D6 /* GameViewModel.swift */; };
		E8196D8228366B740076F3D6 /* ActionModel.swift in Sources */ = {isa = PBXBuildFile; fileRef = E8196D8128366B740076F3D6 /* ActionModel.swift */; };
		E8196D8528366DF70076F3D6 /* ViewObserver.swift in Sources */ = {isa = PBXBuildFile; fileRef = E8196D8428366DF70076F3D6 /* ViewObserver.swift */; };
		E8196D8728366F0F0076F3D6 /* DigitalCrownActionModel.swift in Sources */ = {isa = PBXBuildFile; fileRef = E8196D8628366F0F0076F3D6 /* DigitalCrownActionModel.swift */; };
		E8196D89283683230076F3D6 /* SwipeActionModel.swift in Sources */ = {isa = PBXBuildFile; fileRef = E8196D88283683230076F3D6 /* SwipeActionModel.swift */; };
		E848F908283D2026009AE90D /* SoundManager.swift in Sources */ = {isa = PBXBuildFile; fileRef = E848F907283D2026009AE90D /* SoundManager.swift */; };
/* End PBXBuildFile section */

/* Begin PBXContainerItemProxy section */
		E8196D4E2836697E0076F3D6 /* PBXContainerItemProxy */ = {
			isa = PBXContainerItemProxy;
			containerPortal = E8196D422836697E0076F3D6 /* Project object */;
			proxyType = 1;
			remoteGlobalIDString = E8196D4B2836697E0076F3D6;
			remoteInfo = "benben WatchKit App";
		};
		E8196D59283669800076F3D6 /* PBXContainerItemProxy */ = {
			isa = PBXContainerItemProxy;
			containerPortal = E8196D422836697E0076F3D6 /* Project object */;
			proxyType = 1;
			remoteGlobalIDString = E8196D56283669800076F3D6;
			remoteInfo = "benben WatchKit Extension";
		};
/* End PBXContainerItemProxy section */

/* Begin PBXCopyFilesBuildPhase section */
		E8196D72283669810076F3D6 /* Embed App Extensions */ = {
			isa = PBXCopyFilesBuildPhase;
			buildActionMask = 2147483647;
			dstPath = "";
			dstSubfolderSpec = 13;
			files = (
				E8196D58283669800076F3D6 /* benben WatchKit Extension.appex in Embed App Extensions */,
			);
			name = "Embed App Extensions";
			runOnlyForDeploymentPostprocessing = 0;
		};
		E8196D76283669810076F3D6 /* Embed Watch Content */ = {
			isa = PBXCopyFilesBuildPhase;
			buildActionMask = 2147483647;
			dstPath = "$(CONTENTS_FOLDER_PATH)/Watch";
			dstSubfolderSpec = 16;
			files = (
				E8196D4D2836697E0076F3D6 /* benben WatchKit App.app in Embed Watch Content */,
			);
			name = "Embed Watch Content";
			runOnlyForDeploymentPostprocessing = 0;
		};
/* End PBXCopyFilesBuildPhase section */

/* Begin PBXFileReference section */
		DB30A7742841142C004467C1 /* right.mp3 */ = {isa = PBXFileReference; lastKnownFileType = audio.mp3; path = right.mp3; sourceTree = "<group>"; };
		DB30A7752841142C004467C1 /* wrong.mp3 */ = {isa = PBXFileReference; lastKnownFileType = audio.mp3; path = wrong.mp3; sourceTree = "<group>"; };
		DBD937E9283CFE1400AF00D9 /* TapActionModel.swift */ = {isa = PBXFileReference; lastKnownFileType = sourcecode.swift; path = TapActionModel.swift; sourceTree = "<group>"; };
		E8196D482836697E0076F3D6 /* benben.app */ = {isa = PBXFileReference; explicitFileType = wrapper.application; includeInIndex = 0; path = benben.app; sourceTree = BUILT_PRODUCTS_DIR; };
		E8196D4C2836697E0076F3D6 /* benben WatchKit App.app */ = {isa = PBXFileReference; explicitFileType = wrapper.application; includeInIndex = 0; path = "benben WatchKit App.app"; sourceTree = BUILT_PRODUCTS_DIR; };
		E8196D51283669800076F3D6 /* Assets.xcassets */ = {isa = PBXFileReference; lastKnownFileType = folder.assetcatalog; path = Assets.xcassets; sourceTree = "<group>"; };
		E8196D57283669800076F3D6 /* benben WatchKit Extension.appex */ = {isa = PBXFileReference; explicitFileType = "wrapper.app-extension"; includeInIndex = 0; path = "benben WatchKit Extension.appex"; sourceTree = BUILT_PRODUCTS_DIR; };
		E8196D5C283669800076F3D6 /* benbenApp.swift */ = {isa = PBXFileReference; lastKnownFileType = sourcecode.swift; path = benbenApp.swift; sourceTree = "<group>"; };
		E8196D5E283669800076F3D6 /* ContentView.swift */ = {isa = PBXFileReference; lastKnownFileType = sourcecode.swift; path = ContentView.swift; sourceTree = "<group>"; };
		E8196D60283669800076F3D6 /* NotificationController.swift */ = {isa = PBXFileReference; lastKnownFileType = sourcecode.swift; path = NotificationController.swift; sourceTree = "<group>"; };
		E8196D62283669800076F3D6 /* NotificationView.swift */ = {isa = PBXFileReference; lastKnownFileType = sourcecode.swift; path = NotificationView.swift; sourceTree = "<group>"; };
		E8196D64283669800076F3D6 /* ComplicationController.swift */ = {isa = PBXFileReference; lastKnownFileType = sourcecode.swift; path = ComplicationController.swift; sourceTree = "<group>"; };
		E8196D66283669810076F3D6 /* Assets.xcassets */ = {isa = PBXFileReference; lastKnownFileType = folder.assetcatalog; path = Assets.xcassets; sourceTree = "<group>"; };
		E8196D69283669810076F3D6 /* Preview Assets.xcassets */ = {isa = PBXFileReference; lastKnownFileType = folder.assetcatalog; path = "Preview Assets.xcassets"; sourceTree = "<group>"; };
		E8196D6B283669810076F3D6 /* Info.plist */ = {isa = PBXFileReference; lastKnownFileType = text.plist.xml; path = Info.plist; sourceTree = "<group>"; };
		E8196D6C283669810076F3D6 /* PushNotificationPayload.apns */ = {isa = PBXFileReference; lastKnownFileType = text; path = PushNotificationPayload.apns; sourceTree = "<group>"; };
		E8196D7B28366A700076F3D6 /* GameView.swift */ = {isa = PBXFileReference; lastKnownFileType = sourcecode.swift; path = GameView.swift; sourceTree = "<group>"; };
		E8196D7E28366ACA0076F3D6 /* GameViewModel.swift */ = {isa = PBXFileReference; lastKnownFileType = sourcecode.swift; path = GameViewModel.swift; sourceTree = "<group>"; };
		E8196D8128366B740076F3D6 /* ActionModel.swift */ = {isa = PBXFileReference; lastKnownFileType = sourcecode.swift; path = ActionModel.swift; sourceTree = "<group>"; };
		E8196D8428366DF70076F3D6 /* ViewObserver.swift */ = {isa = PBXFileReference; lastKnownFileType = sourcecode.swift; path = ViewObserver.swift; sourceTree = "<group>"; };
		E8196D8628366F0F0076F3D6 /* DigitalCrownActionModel.swift */ = {isa = PBXFileReference; lastKnownFileType = sourcecode.swift; path = DigitalCrownActionModel.swift; sourceTree = "<group>"; };
		E8196D88283683230076F3D6 /* SwipeActionModel.swift */ = {isa = PBXFileReference; lastKnownFileType = sourcecode.swift; path = SwipeActionModel.swift; sourceTree = "<group>"; };
		E848F907283D2026009AE90D /* SoundManager.swift */ = {isa = PBXFileReference; lastKnownFileType = sourcecode.swift; path = SoundManager.swift; sourceTree = "<group>"; };
/* End PBXFileReference section */

/* Begin PBXFrameworksBuildPhase section */
		E8196D54283669800076F3D6 /* Frameworks */ = {
			isa = PBXFrameworksBuildPhase;
			buildActionMask = 2147483647;
			files = (
			);
			runOnlyForDeploymentPostprocessing = 0;
		};
/* End PBXFrameworksBuildPhase section */

/* Begin PBXGroup section */
		E8196D412836697E0076F3D6 = {
			isa = PBXGroup;
			children = (
				E8196D502836697E0076F3D6 /* benben WatchKit App */,
				E8196D5B283669800076F3D6 /* benben WatchKit Extension */,
				E8196D492836697E0076F3D6 /* Products */,
			);
			sourceTree = "<group>";
		};
		E8196D492836697E0076F3D6 /* Products */ = {
			isa = PBXGroup;
			children = (
				E8196D482836697E0076F3D6 /* benben.app */,
				E8196D4C2836697E0076F3D6 /* benben WatchKit App.app */,
				E8196D57283669800076F3D6 /* benben WatchKit Extension.appex */,
			);
			name = Products;
			sourceTree = "<group>";
		};
		E8196D502836697E0076F3D6 /* benben WatchKit App */ = {
			isa = PBXGroup;
			children = (
				E8196D51283669800076F3D6 /* Assets.xcassets */,
			);
			path = "benben WatchKit App";
			sourceTree = "<group>";
		};
		E8196D5B283669800076F3D6 /* benben WatchKit Extension */ = {
			isa = PBXGroup;
			children = (
				E8196D8328366DD10076F3D6 /* ViewObserver */,
				E8196D8028366AE70076F3D6 /* Model */,
				E8196D7D28366A8E0076F3D6 /* ViewModel */,
				E8196D7A28366A430076F3D6 /* View */,
				E8196D5C283669800076F3D6 /* benbenApp.swift */,
				E8196D60283669800076F3D6 /* NotificationController.swift */,
				E8196D62283669800076F3D6 /* NotificationView.swift */,
				E8196D64283669800076F3D6 /* ComplicationController.swift */,
				E8196D66283669810076F3D6 /* Assets.xcassets */,
				E8196D6B283669810076F3D6 /* Info.plist */,
				E8196D6C283669810076F3D6 /* PushNotificationPayload.apns */,
				E8196D68283669810076F3D6 /* Preview Content */,
			);
			path = "benben WatchKit Extension";
			sourceTree = "<group>";
		};
		E8196D68283669810076F3D6 /* Preview Content */ = {
			isa = PBXGroup;
			children = (
				E8196D69283669810076F3D6 /* Preview Assets.xcassets */,
			);
			path = "Preview Content";
			sourceTree = "<group>";
		};
		E8196D7A28366A430076F3D6 /* View */ = {
			isa = PBXGroup;
			children = (
				E8196D5E283669800076F3D6 /* ContentView.swift */,
				E8196D7B28366A700076F3D6 /* GameView.swift */,
			);
			path = View;
			sourceTree = "<group>";
		};
		E8196D7D28366A8E0076F3D6 /* ViewModel */ = {
			isa = PBXGroup;
			children = (
				E8196D7E28366ACA0076F3D6 /* GameViewModel.swift */,
			);
			path = ViewModel;
			sourceTree = "<group>";
		};
		E8196D8028366AE70076F3D6 /* Model */ = {
			isa = PBXGroup;
			children = (
				E8196D8128366B740076F3D6 /* ActionModel.swift */,
				E8196D8628366F0F0076F3D6 /* DigitalCrownActionModel.swift */,
				E8196D88283683230076F3D6 /* SwipeActionModel.swift */,
				DBD937E9283CFE1400AF00D9 /* TapActionModel.swift */,
			);
			path = Model;
			sourceTree = "<group>";
		};
		E8196D8328366DD10076F3D6 /* ViewObserver */ = {
			isa = PBXGroup;
			children = (
				E8196D8428366DF70076F3D6 /* ViewObserver.swift */,
			);
			path = ViewObserver;
			sourceTree = "<group>";
		};
		E848F906283D2006009AE90D /* Services */ = {
			isa = PBXGroup;
			children = (
				E848F907283D2026009AE90D /* SoundManager.swift */,
			);
			path = Services;
			sourceTree = "<group>";
		};
		E848F909283D2392009AE90D /* Sounds */ = {
			isa = PBXGroup;
			children = (
				DB30A7742841142C004467C1 /* right.mp3 */,
				DB30A7752841142C004467C1 /* wrong.mp3 */,
			);
			path = Sounds;
			sourceTree = "<group>";
		};
/* End PBXGroup section */

/* Begin PBXNativeTarget section */
		E8196D472836697E0076F3D6 /* benben */ = {
			isa = PBXNativeTarget;
			buildConfigurationList = E8196D77283669810076F3D6 /* Build configuration list for PBXNativeTarget "benben" */;
			buildPhases = (
				E8196D462836697E0076F3D6 /* Resources */,
				E8196D76283669810076F3D6 /* Embed Watch Content */,
			);
			buildRules = (
			);
			dependencies = (
				E8196D4F2836697E0076F3D6 /* PBXTargetDependency */,
			);
			name = benben;
			productName = benben;
			productReference = E8196D482836697E0076F3D6 /* benben.app */;
			productType = "com.apple.product-type.application.watchapp2-container";
		};
		E8196D4B2836697E0076F3D6 /* benben WatchKit App */ = {
			isa = PBXNativeTarget;
			buildConfigurationList = E8196D73283669810076F3D6 /* Build configuration list for PBXNativeTarget "benben WatchKit App" */;
			buildPhases = (
				E8196D4A2836697E0076F3D6 /* Resources */,
				E8196D72283669810076F3D6 /* Embed App Extensions */,
			);
			buildRules = (
			);
			dependencies = (
				E8196D5A283669800076F3D6 /* PBXTargetDependency */,
			);
			name = "benben WatchKit App";
			productName = "benben WatchKit App";
			productReference = E8196D4C2836697E0076F3D6 /* benben WatchKit App.app */;
			productType = "com.apple.product-type.application.watchapp2";
		};
		E8196D56283669800076F3D6 /* benben WatchKit Extension */ = {
			isa = PBXNativeTarget;
			buildConfigurationList = E8196D6F283669810076F3D6 /* Build configuration list for PBXNativeTarget "benben WatchKit Extension" */;
			buildPhases = (
				E8196D53283669800076F3D6 /* Sources */,
				E8196D54283669800076F3D6 /* Frameworks */,
				E8196D55283669800076F3D6 /* Resources */,
			);
			buildRules = (
			);
			dependencies = (
			);
			name = "benben WatchKit Extension";
			productName = "benben WatchKit Extension";
			productReference = E8196D57283669800076F3D6 /* benben WatchKit Extension.appex */;
			productType = "com.apple.product-type.watchkit2-extension";
		};
/* End PBXNativeTarget section */

/* Begin PBXProject section */
		E8196D422836697E0076F3D6 /* Project object */ = {
			isa = PBXProject;
			attributes = {
				BuildIndependentTargetsInParallel = 1;
				LastSwiftUpdateCheck = 1340;
				LastUpgradeCheck = 1340;
				TargetAttributes = {
					E8196D472836697E0076F3D6 = {
						CreatedOnToolsVersion = 13.4;
					};
					E8196D4B2836697E0076F3D6 = {
						CreatedOnToolsVersion = 13.4;
					};
					E8196D56283669800076F3D6 = {
						CreatedOnToolsVersion = 13.4;
					};
				};
			};
			buildConfigurationList = E8196D452836697E0076F3D6 /* Build configuration list for PBXProject "benben" */;
			compatibilityVersion = "Xcode 13.0";
			developmentRegion = en;
			hasScannedForEncodings = 0;
			knownRegions = (
				en,
				Base,
			);
			mainGroup = E8196D412836697E0076F3D6;
			productRefGroup = E8196D492836697E0076F3D6 /* Products */;
			projectDirPath = "";
			projectRoot = "";
			targets = (
				E8196D472836697E0076F3D6 /* benben */,
				E8196D4B2836697E0076F3D6 /* benben WatchKit App */,
				E8196D56283669800076F3D6 /* benben WatchKit Extension */,
			);
		};
/* End PBXProject section */

/* Begin PBXResourcesBuildPhase section */
		E8196D462836697E0076F3D6 /* Resources */ = {
			isa = PBXResourcesBuildPhase;
			buildActionMask = 2147483647;
			files = (
				DB30A7792841142C004467C1 /* wrong.mp3 in Resources */,
				DB30A7762841142C004467C1 /* right.mp3 in Resources */,
			);
			runOnlyForDeploymentPostprocessing = 0;
		};
		E8196D4A2836697E0076F3D6 /* Resources */ = {
			isa = PBXResourcesBuildPhase;
			buildActionMask = 2147483647;
			files = (
				E8196D52283669800076F3D6 /* Assets.xcassets in Resources */,
				DB30A77A2841142C004467C1 /* wrong.mp3 in Resources */,
				DB30A7772841142C004467C1 /* right.mp3 in Resources */,
			);
			runOnlyForDeploymentPostprocessing = 0;
		};
		E8196D55283669800076F3D6 /* Resources */ = {
			isa = PBXResourcesBuildPhase;
			buildActionMask = 2147483647;
			files = (
				DB30A77B2841142C004467C1 /* wrong.mp3 in Resources */,
				DB30A7782841142C004467C1 /* right.mp3 in Resources */,
				E8196D6A283669810076F3D6 /* Preview Assets.xcassets in Resources */,
				E8196D67283669810076F3D6 /* Assets.xcassets in Resources */,
			);
			runOnlyForDeploymentPostprocessing = 0;
		};
/* End PBXResourcesBuildPhase section */

/* Begin PBXSourcesBuildPhase section */
		E8196D53283669800076F3D6 /* Sources */ = {
			isa = PBXSourcesBuildPhase;
			buildActionMask = 2147483647;
			files = (
				E8196D61283669800076F3D6 /* NotificationController.swift in Sources */,
				E8196D5F283669800076F3D6 /* ContentView.swift in Sources */,
				E8196D89283683230076F3D6 /* SwipeActionModel.swift in Sources */,
				DBD937EA283CFE1400AF00D9 /* TapActionModel.swift in Sources */,
				E8196D8728366F0F0076F3D6 /* DigitalCrownActionModel.swift in Sources */,
				E8196D65283669800076F3D6 /* ComplicationController.swift in Sources */,
				E8196D8528366DF70076F3D6 /* ViewObserver.swift in Sources */,
				E8196D8228366B740076F3D6 /* ActionModel.swift in Sources */,
				E8196D5D283669800076F3D6 /* benbenApp.swift in Sources */,
				E8196D7C28366A700076F3D6 /* GameView.swift in Sources */,
				E8196D63283669800076F3D6 /* NotificationView.swift in Sources */,
				E8196D7F28366ACA0076F3D6 /* GameViewModel.swift in Sources */,
			);
			runOnlyForDeploymentPostprocessing = 0;
		};
/* End PBXSourcesBuildPhase section */

/* Begin PBXTargetDependency section */
		E8196D4F2836697E0076F3D6 /* PBXTargetDependency */ = {
			isa = PBXTargetDependency;
			target = E8196D4B2836697E0076F3D6 /* benben WatchKit App */;
			targetProxy = E8196D4E2836697E0076F3D6 /* PBXContainerItemProxy */;
		};
		E8196D5A283669800076F3D6 /* PBXTargetDependency */ = {
			isa = PBXTargetDependency;
			target = E8196D56283669800076F3D6 /* benben WatchKit Extension */;
			targetProxy = E8196D59283669800076F3D6 /* PBXContainerItemProxy */;
		};
/* End PBXTargetDependency section */

/* Begin XCBuildConfiguration section */
		E8196D6D283669810076F3D6 /* Debug */ = {
			isa = XCBuildConfiguration;
			buildSettings = {
				ALWAYS_SEARCH_USER_PATHS = NO;
				CLANG_ANALYZER_NONNULL = YES;
				CLANG_ANALYZER_NUMBER_OBJECT_CONVERSION = YES_AGGRESSIVE;
				CLANG_CXX_LANGUAGE_STANDARD = "gnu++17";
				CLANG_ENABLE_MODULES = YES;
				CLANG_ENABLE_OBJC_ARC = YES;
				CLANG_ENABLE_OBJC_WEAK = YES;
				CLANG_WARN_BLOCK_CAPTURE_AUTORELEASING = YES;
				CLANG_WARN_BOOL_CONVERSION = YES;
				CLANG_WARN_COMMA = YES;
				CLANG_WARN_CONSTANT_CONVERSION = YES;
				CLANG_WARN_DEPRECATED_OBJC_IMPLEMENTATIONS = YES;
				CLANG_WARN_DIRECT_OBJC_ISA_USAGE = YES_ERROR;
				CLANG_WARN_DOCUMENTATION_COMMENTS = YES;
				CLANG_WARN_EMPTY_BODY = YES;
				CLANG_WARN_ENUM_CONVERSION = YES;
				CLANG_WARN_INFINITE_RECURSION = YES;
				CLANG_WARN_INT_CONVERSION = YES;
				CLANG_WARN_NON_LITERAL_NULL_CONVERSION = YES;
				CLANG_WARN_OBJC_IMPLICIT_RETAIN_SELF = YES;
				CLANG_WARN_OBJC_LITERAL_CONVERSION = YES;
				CLANG_WARN_OBJC_ROOT_CLASS = YES_ERROR;
				CLANG_WARN_QUOTED_INCLUDE_IN_FRAMEWORK_HEADER = YES;
				CLANG_WARN_RANGE_LOOP_ANALYSIS = YES;
				CLANG_WARN_STRICT_PROTOTYPES = YES;
				CLANG_WARN_SUSPICIOUS_MOVE = YES;
				CLANG_WARN_UNGUARDED_AVAILABILITY = YES_AGGRESSIVE;
				CLANG_WARN_UNREACHABLE_CODE = YES;
				CLANG_WARN__DUPLICATE_METHOD_MATCH = YES;
				COPY_PHASE_STRIP = NO;
				DEBUG_INFORMATION_FORMAT = dwarf;
				ENABLE_STRICT_OBJC_MSGSEND = YES;
				ENABLE_TESTABILITY = YES;
				GCC_C_LANGUAGE_STANDARD = gnu11;
				GCC_DYNAMIC_NO_PIC = NO;
				GCC_NO_COMMON_BLOCKS = YES;
				GCC_OPTIMIZATION_LEVEL = 0;
				GCC_PREPROCESSOR_DEFINITIONS = (
					"DEBUG=1",
					"$(inherited)",
				);
				GCC_WARN_64_TO_32_BIT_CONVERSION = YES;
				GCC_WARN_ABOUT_RETURN_TYPE = YES_ERROR;
				GCC_WARN_UNDECLARED_SELECTOR = YES;
				GCC_WARN_UNINITIALIZED_AUTOS = YES_AGGRESSIVE;
				GCC_WARN_UNUSED_FUNCTION = YES;
				GCC_WARN_UNUSED_VARIABLE = YES;
				MTL_ENABLE_DEBUG_INFO = INCLUDE_SOURCE;
				MTL_FAST_MATH = YES;
				ONLY_ACTIVE_ARCH = YES;
				SDKROOT = iphoneos;
				SWIFT_ACTIVE_COMPILATION_CONDITIONS = DEBUG;
				SWIFT_OPTIMIZATION_LEVEL = "-Onone";
			};
			name = Debug;
		};
		E8196D6E283669810076F3D6 /* Release */ = {
			isa = XCBuildConfiguration;
			buildSettings = {
				ALWAYS_SEARCH_USER_PATHS = NO;
				CLANG_ANALYZER_NONNULL = YES;
				CLANG_ANALYZER_NUMBER_OBJECT_CONVERSION = YES_AGGRESSIVE;
				CLANG_CXX_LANGUAGE_STANDARD = "gnu++17";
				CLANG_ENABLE_MODULES = YES;
				CLANG_ENABLE_OBJC_ARC = YES;
				CLANG_ENABLE_OBJC_WEAK = YES;
				CLANG_WARN_BLOCK_CAPTURE_AUTORELEASING = YES;
				CLANG_WARN_BOOL_CONVERSION = YES;
				CLANG_WARN_COMMA = YES;
				CLANG_WARN_CONSTANT_CONVERSION = YES;
				CLANG_WARN_DEPRECATED_OBJC_IMPLEMENTATIONS = YES;
				CLANG_WARN_DIRECT_OBJC_ISA_USAGE = YES_ERROR;
				CLANG_WARN_DOCUMENTATION_COMMENTS = YES;
				CLANG_WARN_EMPTY_BODY = YES;
				CLANG_WARN_ENUM_CONVERSION = YES;
				CLANG_WARN_INFINITE_RECURSION = YES;
				CLANG_WARN_INT_CONVERSION = YES;
				CLANG_WARN_NON_LITERAL_NULL_CONVERSION = YES;
				CLANG_WARN_OBJC_IMPLICIT_RETAIN_SELF = YES;
				CLANG_WARN_OBJC_LITERAL_CONVERSION = YES;
				CLANG_WARN_OBJC_ROOT_CLASS = YES_ERROR;
				CLANG_WARN_QUOTED_INCLUDE_IN_FRAMEWORK_HEADER = YES;
				CLANG_WARN_RANGE_LOOP_ANALYSIS = YES;
				CLANG_WARN_STRICT_PROTOTYPES = YES;
				CLANG_WARN_SUSPICIOUS_MOVE = YES;
				CLANG_WARN_UNGUARDED_AVAILABILITY = YES_AGGRESSIVE;
				CLANG_WARN_UNREACHABLE_CODE = YES;
				CLANG_WARN__DUPLICATE_METHOD_MATCH = YES;
				COPY_PHASE_STRIP = NO;
				DEBUG_INFORMATION_FORMAT = "dwarf-with-dsym";
				ENABLE_NS_ASSERTIONS = NO;
				ENABLE_STRICT_OBJC_MSGSEND = YES;
				GCC_C_LANGUAGE_STANDARD = gnu11;
				GCC_NO_COMMON_BLOCKS = YES;
				GCC_WARN_64_TO_32_BIT_CONVERSION = YES;
				GCC_WARN_ABOUT_RETURN_TYPE = YES_ERROR;
				GCC_WARN_UNDECLARED_SELECTOR = YES;
				GCC_WARN_UNINITIALIZED_AUTOS = YES_AGGRESSIVE;
				GCC_WARN_UNUSED_FUNCTION = YES;
				GCC_WARN_UNUSED_VARIABLE = YES;
				MTL_ENABLE_DEBUG_INFO = NO;
				MTL_FAST_MATH = YES;
				SDKROOT = iphoneos;
				SWIFT_COMPILATION_MODE = wholemodule;
				SWIFT_OPTIMIZATION_LEVEL = "-O";
				VALIDATE_PRODUCT = YES;
			};
			name = Release;
		};
		E8196D70283669810076F3D6 /* Debug */ = {
			isa = XCBuildConfiguration;
			buildSettings = {
				ASSETCATALOG_COMPILER_COMPLICATION_NAME = Complication;
				CODE_SIGN_STYLE = Automatic;
				CURRENT_PROJECT_VERSION = 1;
				DEVELOPMENT_ASSET_PATHS = "\"benben WatchKit Extension/Preview Content\"";
				DEVELOPMENT_TEAM = FRMHAB2739;
				ENABLE_PREVIEWS = YES;
				GENERATE_INFOPLIST_FILE = YES;
				INFOPLIST_FILE = "benben WatchKit Extension/Info.plist";
				INFOPLIST_KEY_CFBundleDisplayName = "benben WatchKit Extension";
				INFOPLIST_KEY_CLKComplicationPrincipalClass = "$(PRODUCT_MODULE_NAME).ComplicationController";
				INFOPLIST_KEY_NSHumanReadableCopyright = "";
				INFOPLIST_KEY_WKWatchOnly = YES;
				LD_RUNPATH_SEARCH_PATHS = (
					"$(inherited)",
					"@executable_path/Frameworks",
					"@executable_path/../../Frameworks",
				);
				MARKETING_VERSION = 1.0;
				PRODUCT_BUNDLE_IDENTIFIER = br.com.karenbaliero.benben.watchkitapp.watchkitextension;
				PRODUCT_NAME = "${TARGET_NAME}";
				SDKROOT = watchos;
				SKIP_INSTALL = YES;
				SWIFT_EMIT_LOC_STRINGS = YES;
				SWIFT_VERSION = 5.0;
				TARGETED_DEVICE_FAMILY = 4;
				WATCHOS_DEPLOYMENT_TARGET = 8.5;
			};
			name = Debug;
		};
		E8196D71283669810076F3D6 /* Release */ = {
			isa = XCBuildConfiguration;
			buildSettings = {
				ASSETCATALOG_COMPILER_COMPLICATION_NAME = Complication;
				CODE_SIGN_STYLE = Automatic;
				CURRENT_PROJECT_VERSION = 1;
				DEVELOPMENT_ASSET_PATHS = "\"benben WatchKit Extension/Preview Content\"";
				DEVELOPMENT_TEAM = FRMHAB2739;
				ENABLE_PREVIEWS = YES;
				GENERATE_INFOPLIST_FILE = YES;
				INFOPLIST_FILE = "benben WatchKit Extension/Info.plist";
				INFOPLIST_KEY_CFBundleDisplayName = "benben WatchKit Extension";
				INFOPLIST_KEY_CLKComplicationPrincipalClass = "$(PRODUCT_MODULE_NAME).ComplicationController";
				INFOPLIST_KEY_NSHumanReadableCopyright = "";
				INFOPLIST_KEY_WKWatchOnly = YES;
				LD_RUNPATH_SEARCH_PATHS = (
					"$(inherited)",
					"@executable_path/Frameworks",
					"@executable_path/../../Frameworks",
				);
				MARKETING_VERSION = 1.0;
				PRODUCT_BUNDLE_IDENTIFIER = br.com.karenbaliero.benben.watchkitapp.watchkitextension;
				PRODUCT_NAME = "${TARGET_NAME}";
				SDKROOT = watchos;
				SKIP_INSTALL = YES;
				SWIFT_EMIT_LOC_STRINGS = YES;
				SWIFT_VERSION = 5.0;
				TARGETED_DEVICE_FAMILY = 4;
				WATCHOS_DEPLOYMENT_TARGET = 8.5;
			};
			name = Release;
		};
		E8196D74283669810076F3D6 /* Debug */ = {
			isa = XCBuildConfiguration;
			buildSettings = {
				ALWAYS_EMBED_SWIFT_STANDARD_LIBRARIES = YES;
				ASSETCATALOG_COMPILER_APPICON_NAME = AppIcon;
				ASSETCATALOG_COMPILER_GLOBAL_ACCENT_COLOR_NAME = AccentColor;
				CODE_SIGN_STYLE = Automatic;
				CURRENT_PROJECT_VERSION = 1;
				DEVELOPMENT_TEAM = FRMHAB2739;
				GENERATE_INFOPLIST_FILE = YES;
				IBSC_MODULE = benben_WatchKit_Extension;
				INFOPLIST_KEY_CFBundleDisplayName = "benben WatchKit App";
				INFOPLIST_KEY_UISupportedInterfaceOrientations = "UIInterfaceOrientationPortrait UIInterfaceOrientationPortraitUpsideDown";
				MARKETING_VERSION = 1.0;
				PRODUCT_BUNDLE_IDENTIFIER = br.com.karenbaliero.benben.watchkitapp;
				PRODUCT_NAME = "$(TARGET_NAME)";
				SDKROOT = watchos;
				SKIP_INSTALL = YES;
				SWIFT_EMIT_LOC_STRINGS = YES;
				SWIFT_VERSION = 5.0;
				TARGETED_DEVICE_FAMILY = 4;
				WATCHOS_DEPLOYMENT_TARGET = 8.5;
			};
			name = Debug;
		};
		E8196D75283669810076F3D6 /* Release */ = {
			isa = XCBuildConfiguration;
			buildSettings = {
				ALWAYS_EMBED_SWIFT_STANDARD_LIBRARIES = YES;
				ASSETCATALOG_COMPILER_APPICON_NAME = AppIcon;
				ASSETCATALOG_COMPILER_GLOBAL_ACCENT_COLOR_NAME = AccentColor;
				CODE_SIGN_STYLE = Automatic;
				CURRENT_PROJECT_VERSION = 1;
				DEVELOPMENT_TEAM = FRMHAB2739;
				GENERATE_INFOPLIST_FILE = YES;
				IBSC_MODULE = benben_WatchKit_Extension;
				INFOPLIST_KEY_CFBundleDisplayName = "benben WatchKit App";
				INFOPLIST_KEY_UISupportedInterfaceOrientations = "UIInterfaceOrientationPortrait UIInterfaceOrientationPortraitUpsideDown";
				MARKETING_VERSION = 1.0;
				PRODUCT_BUNDLE_IDENTIFIER = br.com.karenbaliero.benben.watchkitapp;
				PRODUCT_NAME = "$(TARGET_NAME)";
				SDKROOT = watchos;
				SKIP_INSTALL = YES;
				SWIFT_EMIT_LOC_STRINGS = YES;
				SWIFT_VERSION = 5.0;
				TARGETED_DEVICE_FAMILY = 4;
				WATCHOS_DEPLOYMENT_TARGET = 8.5;
			};
			name = Release;
		};
		E8196D78283669810076F3D6 /* Debug */ = {
			isa = XCBuildConfiguration;
			buildSettings = {
				CODE_SIGN_STYLE = Automatic;
				CURRENT_PROJECT_VERSION = 1;
				DEVELOPMENT_TEAM = FRMHAB2739;
				MARKETING_VERSION = 1.0;
				PRODUCT_BUNDLE_IDENTIFIER = br.com.karenbaliero.benben;
				PRODUCT_NAME = "$(TARGET_NAME)";
				SWIFT_VERSION = 5.0;
			};
			name = Debug;
		};
		E8196D79283669810076F3D6 /* Release */ = {
			isa = XCBuildConfiguration;
			buildSettings = {
				CODE_SIGN_STYLE = Automatic;
				CURRENT_PROJECT_VERSION = 1;
				DEVELOPMENT_TEAM = FRMHAB2739;
				MARKETING_VERSION = 1.0;
				PRODUCT_BUNDLE_IDENTIFIER = br.com.karenbaliero.benben;
				PRODUCT_NAME = "$(TARGET_NAME)";
				SWIFT_VERSION = 5.0;
			};
			name = Release;
		};
/* End XCBuildConfiguration section */

/* Begin XCConfigurationList section */
		E8196D452836697E0076F3D6 /* Build configuration list for PBXProject "benben" */ = {
			isa = XCConfigurationList;
			buildConfigurations = (
				E8196D6D283669810076F3D6 /* Debug */,
				E8196D6E283669810076F3D6 /* Release */,
			);
			defaultConfigurationIsVisible = 0;
			defaultConfigurationName = Release;
		};
		E8196D6F283669810076F3D6 /* Build configuration list for PBXNativeTarget "benben WatchKit Extension" */ = {
			isa = XCConfigurationList;
			buildConfigurations = (
				E8196D70283669810076F3D6 /* Debug */,
				E8196D71283669810076F3D6 /* Release */,
			);
			defaultConfigurationIsVisible = 0;
			defaultConfigurationName = Release;
		};
		E8196D73283669810076F3D6 /* Build configuration list for PBXNativeTarget "benben WatchKit App" */ = {
			isa = XCConfigurationList;
			buildConfigurations = (
				E8196D74283669810076F3D6 /* Debug */,
				E8196D75283669810076F3D6 /* Release */,
			);
			defaultConfigurationIsVisible = 0;
			defaultConfigurationName = Release;
		};
		E8196D77283669810076F3D6 /* Build configuration list for PBXNativeTarget "benben" */ = {
			isa = XCConfigurationList;
			buildConfigurations = (
				E8196D78283669810076F3D6 /* Debug */,
				E8196D79283669810076F3D6 /* Release */,
			);
			defaultConfigurationIsVisible = 0;
			defaultConfigurationName = Release;
		};
/* End XCConfigurationList section */
	};
	rootObject = E8196D422836697E0076F3D6 /* Project object */;
}
