// !$*UTF8*$!
{
	archiveVersion = 1;
	classes = {
	};
	objectVersion = 55;
	objects = {

/* Begin PBXBuildFile section */
		DB168B8828328B1F000E2670 /* AppleWatchArchitecturePOC WatchKit App.app in Embed Watch Content */ = {isa = PBXBuildFile; fileRef = DB168B8728328B1F000E2670 /* AppleWatchArchitecturePOC WatchKit App.app */; settings = {ATTRIBUTES = (RemoveHeadersOnCopy, ); }; };
		DB168B8D28328B21000E2670 /* Assets.xcassets in Resources */ = {isa = PBXBuildFile; fileRef = DB168B8C28328B21000E2670 /* Assets.xcassets */; };
		DB168B9328328B21000E2670 /* AppleWatchArchitecturePOC WatchKit Extension.appex in Embed App Extensions */ = {isa = PBXBuildFile; fileRef = DB168B9228328B21000E2670 /* AppleWatchArchitecturePOC WatchKit Extension.appex */; settings = {ATTRIBUTES = (RemoveHeadersOnCopy, ); }; };
		DB168B9828328B21000E2670 /* AppleWatchArchitecturePOCApp.swift in Sources */ = {isa = PBXBuildFile; fileRef = DB168B9728328B21000E2670 /* AppleWatchArchitecturePOCApp.swift */; };
		DB168B9A28328B21000E2670 /* ContentView.swift in Sources */ = {isa = PBXBuildFile; fileRef = DB168B9928328B21000E2670 /* ContentView.swift */; };
		DB168B9C28328B21000E2670 /* NotificationController.swift in Sources */ = {isa = PBXBuildFile; fileRef = DB168B9B28328B21000E2670 /* NotificationController.swift */; };
		DB168B9E28328B21000E2670 /* NotificationView.swift in Sources */ = {isa = PBXBuildFile; fileRef = DB168B9D28328B21000E2670 /* NotificationView.swift */; };
		DB168BA028328B21000E2670 /* ComplicationController.swift in Sources */ = {isa = PBXBuildFile; fileRef = DB168B9F28328B21000E2670 /* ComplicationController.swift */; };
		DB168BA228328B22000E2670 /* Assets.xcassets in Resources */ = {isa = PBXBuildFile; fileRef = DB168BA128328B22000E2670 /* Assets.xcassets */; };
		DB168BA528328B22000E2670 /* Preview Assets.xcassets in Resources */ = {isa = PBXBuildFile; fileRef = DB168BA428328B22000E2670 /* Preview Assets.xcassets */; };
		DB168BB628328CDC000E2670 /* BaseAction.swift in Sources */ = {isa = PBXBuildFile; fileRef = DB168BB528328CDC000E2670 /* BaseAction.swift */; };
		DB168BB82833DE11000E2670 /* GameViewModel.swift in Sources */ = {isa = PBXBuildFile; fileRef = DB168BB72833DE11000E2670 /* GameViewModel.swift */; };
		DBB42BAD2835302E00CFE091 /* DigitalCrownAction.swift in Sources */ = {isa = PBXBuildFile; fileRef = DBB42BAC2835302E00CFE091 /* DigitalCrownAction.swift */; };
		DBB42BAF2835305C00CFE091 /* SwipeAction.swift in Sources */ = {isa = PBXBuildFile; fileRef = DBB42BAE2835305C00CFE091 /* SwipeAction.swift */; };
		DBB42BB12835307A00CFE091 /* TapAction.swift in Sources */ = {isa = PBXBuildFile; fileRef = DBB42BB02835307A00CFE091 /* TapAction.swift */; };
		DBB42BBA2835316800CFE091 /* GameView.swift in Sources */ = {isa = PBXBuildFile; fileRef = DBB42BB92835316800CFE091 /* GameView.swift */; };
		DBB42BBC2835343E00CFE091 /* ViewObserver.swift in Sources */ = {isa = PBXBuildFile; fileRef = DBB42BBB2835343E00CFE091 /* ViewObserver.swift */; };
/* End PBXBuildFile section */

/* Begin PBXContainerItemProxy section */
		DB168B8928328B1F000E2670 /* PBXContainerItemProxy */ = {
			isa = PBXContainerItemProxy;
			containerPortal = DB168B7D28328B1F000E2670 /* Project object */;
			proxyType = 1;
			remoteGlobalIDString = DB168B8628328B1F000E2670;
			remoteInfo = "AppleWatchArchitecturePOC WatchKit App";
		};
		DB168B9428328B21000E2670 /* PBXContainerItemProxy */ = {
			isa = PBXContainerItemProxy;
			containerPortal = DB168B7D28328B1F000E2670 /* Project object */;
			proxyType = 1;
			remoteGlobalIDString = DB168B9128328B21000E2670;
			remoteInfo = "AppleWatchArchitecturePOC WatchKit Extension";
		};
/* End PBXContainerItemProxy section */

/* Begin PBXCopyFilesBuildPhase section */
		DB168BAD28328B22000E2670 /* Embed App Extensions */ = {
			isa = PBXCopyFilesBuildPhase;
			buildActionMask = 2147483647;
			dstPath = "";
			dstSubfolderSpec = 13;
			files = (
				DB168B9328328B21000E2670 /* AppleWatchArchitecturePOC WatchKit Extension.appex in Embed App Extensions */,
			);
			name = "Embed App Extensions";
			runOnlyForDeploymentPostprocessing = 0;
		};
		DB168BB128328B22000E2670 /* Embed Watch Content */ = {
			isa = PBXCopyFilesBuildPhase;
			buildActionMask = 2147483647;
			dstPath = "$(CONTENTS_FOLDER_PATH)/Watch";
			dstSubfolderSpec = 16;
			files = (
				DB168B8828328B1F000E2670 /* AppleWatchArchitecturePOC WatchKit App.app in Embed Watch Content */,
			);
			name = "Embed Watch Content";
			runOnlyForDeploymentPostprocessing = 0;
		};
/* End PBXCopyFilesBuildPhase section */

/* Begin PBXFileReference section */
		DB168B8328328B1F000E2670 /* AppleWatchArchitecturePOC.app */ = {isa = PBXFileReference; explicitFileType = wrapper.application; includeInIndex = 0; path = AppleWatchArchitecturePOC.app; sourceTree = BUILT_PRODUCTS_DIR; };
		DB168B8728328B1F000E2670 /* AppleWatchArchitecturePOC WatchKit App.app */ = {isa = PBXFileReference; explicitFileType = wrapper.application; includeInIndex = 0; path = "AppleWatchArchitecturePOC WatchKit App.app"; sourceTree = BUILT_PRODUCTS_DIR; };
		DB168B8C28328B21000E2670 /* Assets.xcassets */ = {isa = PBXFileReference; lastKnownFileType = folder.assetcatalog; path = Assets.xcassets; sourceTree = "<group>"; };
		DB168B9228328B21000E2670 /* AppleWatchArchitecturePOC WatchKit Extension.appex */ = {isa = PBXFileReference; explicitFileType = "wrapper.app-extension"; includeInIndex = 0; path = "AppleWatchArchitecturePOC WatchKit Extension.appex"; sourceTree = BUILT_PRODUCTS_DIR; };
		DB168B9728328B21000E2670 /* AppleWatchArchitecturePOCApp.swift */ = {isa = PBXFileReference; lastKnownFileType = sourcecode.swift; path = AppleWatchArchitecturePOCApp.swift; sourceTree = "<group>"; };
		DB168B9928328B21000E2670 /* ContentView.swift */ = {isa = PBXFileReference; lastKnownFileType = sourcecode.swift; path = ContentView.swift; sourceTree = "<group>"; };
		DB168B9B28328B21000E2670 /* NotificationController.swift */ = {isa = PBXFileReference; lastKnownFileType = sourcecode.swift; path = NotificationController.swift; sourceTree = "<group>"; };
		DB168B9D28328B21000E2670 /* NotificationView.swift */ = {isa = PBXFileReference; lastKnownFileType = sourcecode.swift; path = NotificationView.swift; sourceTree = "<group>"; };
		DB168B9F28328B21000E2670 /* ComplicationController.swift */ = {isa = PBXFileReference; lastKnownFileType = sourcecode.swift; path = ComplicationController.swift; sourceTree = "<group>"; };
		DB168BA128328B22000E2670 /* Assets.xcassets */ = {isa = PBXFileReference; lastKnownFileType = folder.assetcatalog; path = Assets.xcassets; sourceTree = "<group>"; };
		DB168BA428328B22000E2670 /* Preview Assets.xcassets */ = {isa = PBXFileReference; lastKnownFileType = folder.assetcatalog; path = "Preview Assets.xcassets"; sourceTree = "<group>"; };
		DB168BA628328B22000E2670 /* Info.plist */ = {isa = PBXFileReference; lastKnownFileType = text.plist.xml; path = Info.plist; sourceTree = "<group>"; };
		DB168BA728328B22000E2670 /* PushNotificationPayload.apns */ = {isa = PBXFileReference; lastKnownFileType = text; path = PushNotificationPayload.apns; sourceTree = "<group>"; };
		DB168BB528328CDC000E2670 /* BaseAction.swift */ = {isa = PBXFileReference; lastKnownFileType = sourcecode.swift; path = BaseAction.swift; sourceTree = "<group>"; };
		DB168BB72833DE11000E2670 /* GameViewModel.swift */ = {isa = PBXFileReference; lastKnownFileType = sourcecode.swift; path = GameViewModel.swift; sourceTree = "<group>"; };
		DBB42BAC2835302E00CFE091 /* DigitalCrownAction.swift */ = {isa = PBXFileReference; lastKnownFileType = sourcecode.swift; path = DigitalCrownAction.swift; sourceTree = "<group>"; };
		DBB42BAE2835305C00CFE091 /* SwipeAction.swift */ = {isa = PBXFileReference; lastKnownFileType = sourcecode.swift; path = SwipeAction.swift; sourceTree = "<group>"; };
		DBB42BB02835307A00CFE091 /* TapAction.swift */ = {isa = PBXFileReference; lastKnownFileType = sourcecode.swift; path = TapAction.swift; sourceTree = "<group>"; };
		DBB42BB92835316800CFE091 /* GameView.swift */ = {isa = PBXFileReference; lastKnownFileType = sourcecode.swift; path = GameView.swift; sourceTree = "<group>"; };
		DBB42BBB2835343E00CFE091 /* ViewObserver.swift */ = {isa = PBXFileReference; lastKnownFileType = sourcecode.swift; path = ViewObserver.swift; sourceTree = "<group>"; };
/* End PBXFileReference section */

/* Begin PBXFrameworksBuildPhase section */
		DB168B8F28328B21000E2670 /* Frameworks */ = {
			isa = PBXFrameworksBuildPhase;
			buildActionMask = 2147483647;
			files = (
			);
			runOnlyForDeploymentPostprocessing = 0;
		};
/* End PBXFrameworksBuildPhase section */

/* Begin PBXGroup section */
		DB168B7C28328B1F000E2670 = {
			isa = PBXGroup;
			children = (
				DB168B8B28328B1F000E2670 /* AppleWatchArchitecturePOC WatchKit App */,
				DB168B9628328B21000E2670 /* AppleWatchArchitecturePOC WatchKit Extension */,
				DB168B8428328B1F000E2670 /* Products */,
			);
			sourceTree = "<group>";
		};
		DB168B8428328B1F000E2670 /* Products */ = {
			isa = PBXGroup;
			children = (
				DB168B8328328B1F000E2670 /* AppleWatchArchitecturePOC.app */,
				DB168B8728328B1F000E2670 /* AppleWatchArchitecturePOC WatchKit App.app */,
				DB168B9228328B21000E2670 /* AppleWatchArchitecturePOC WatchKit Extension.appex */,
			);
			name = Products;
			sourceTree = "<group>";
		};
		DB168B8B28328B1F000E2670 /* AppleWatchArchitecturePOC WatchKit App */ = {
			isa = PBXGroup;
			children = (
				DB168B8C28328B21000E2670 /* Assets.xcassets */,
			);
			path = "AppleWatchArchitecturePOC WatchKit App";
			sourceTree = "<group>";
		};
		DB168B9628328B21000E2670 /* AppleWatchArchitecturePOC WatchKit Extension */ = {
			isa = PBXGroup;
			children = (
				DBB42BB22835308E00CFE091 /* ViewObservers */,
				DBB42BAB2835301200CFE091 /* Actions */,
				DB168B9728328B21000E2670 /* AppleWatchArchitecturePOCApp.swift */,
				DB168B9928328B21000E2670 /* ContentView.swift */,
				DB168B9B28328B21000E2670 /* NotificationController.swift */,
				DB168B9D28328B21000E2670 /* NotificationView.swift */,
				DB168B9F28328B21000E2670 /* ComplicationController.swift */,
				DB168BA128328B22000E2670 /* Assets.xcassets */,
				DB168BA628328B22000E2670 /* Info.plist */,
				DB168BA728328B22000E2670 /* PushNotificationPayload.apns */,
				DB168BA328328B22000E2670 /* Preview Content */,
				DB168BB72833DE11000E2670 /* GameViewModel.swift */,
				DBB42BB92835316800CFE091 /* GameView.swift */,
			);
			path = "AppleWatchArchitecturePOC WatchKit Extension";
			sourceTree = "<group>";
		};
		DB168BA328328B22000E2670 /* Preview Content */ = {
			isa = PBXGroup;
			children = (
				DB168BA428328B22000E2670 /* Preview Assets.xcassets */,
			);
			path = "Preview Content";
			sourceTree = "<group>";
		};
		DBB42BAB2835301200CFE091 /* Actions */ = {
			isa = PBXGroup;
			children = (
				DB168BB528328CDC000E2670 /* BaseAction.swift */,
				DBB42BAC2835302E00CFE091 /* DigitalCrownAction.swift */,
				DBB42BAE2835305C00CFE091 /* SwipeAction.swift */,
				DBB42BB02835307A00CFE091 /* TapAction.swift */,
			);
			path = Actions;
			sourceTree = "<group>";
		};
		DBB42BB22835308E00CFE091 /* ViewObservers */ = {
			isa = PBXGroup;
			children = (
				DBB42BBB2835343E00CFE091 /* ViewObserver.swift */,
			);
			path = ViewObservers;
			sourceTree = "<group>";
		};
/* End PBXGroup section */

/* Begin PBXNativeTarget section */
		DB168B8228328B1F000E2670 /* AppleWatchArchitecturePOC */ = {
			isa = PBXNativeTarget;
			buildConfigurationList = DB168BB228328B22000E2670 /* Build configuration list for PBXNativeTarget "AppleWatchArchitecturePOC" */;
			buildPhases = (
				DB168B8128328B1F000E2670 /* Resources */,
				DB168BB128328B22000E2670 /* Embed Watch Content */,
			);
			buildRules = (
			);
			dependencies = (
				DB168B8A28328B1F000E2670 /* PBXTargetDependency */,
			);
			name = AppleWatchArchitecturePOC;
			productName = AppleWatchArchitecturePOC;
			productReference = DB168B8328328B1F000E2670 /* AppleWatchArchitecturePOC.app */;
			productType = "com.apple.product-type.application.watchapp2-container";
		};
		DB168B8628328B1F000E2670 /* AppleWatchArchitecturePOC WatchKit App */ = {
			isa = PBXNativeTarget;
			buildConfigurationList = DB168BAE28328B22000E2670 /* Build configuration list for PBXNativeTarget "AppleWatchArchitecturePOC WatchKit App" */;
			buildPhases = (
				DB168B8528328B1F000E2670 /* Resources */,
				DB168BAD28328B22000E2670 /* Embed App Extensions */,
			);
			buildRules = (
			);
			dependencies = (
				DB168B9528328B21000E2670 /* PBXTargetDependency */,
			);
			name = "AppleWatchArchitecturePOC WatchKit App";
			productName = "AppleWatchArchitecturePOC WatchKit App";
			productReference = DB168B8728328B1F000E2670 /* AppleWatchArchitecturePOC WatchKit App.app */;
			productType = "com.apple.product-type.application.watchapp2";
		};
		DB168B9128328B21000E2670 /* AppleWatchArchitecturePOC WatchKit Extension */ = {
			isa = PBXNativeTarget;
			buildConfigurationList = DB168BAA28328B22000E2670 /* Build configuration list for PBXNativeTarget "AppleWatchArchitecturePOC WatchKit Extension" */;
			buildPhases = (
				DB168B8E28328B21000E2670 /* Sources */,
				DB168B8F28328B21000E2670 /* Frameworks */,
				DB168B9028328B21000E2670 /* Resources */,
			);
			buildRules = (
			);
			dependencies = (
			);
			name = "AppleWatchArchitecturePOC WatchKit Extension";
			productName = "AppleWatchArchitecturePOC WatchKit Extension";
			productReference = DB168B9228328B21000E2670 /* AppleWatchArchitecturePOC WatchKit Extension.appex */;
			productType = "com.apple.product-type.watchkit2-extension";
		};
/* End PBXNativeTarget section */

/* Begin PBXProject section */
		DB168B7D28328B1F000E2670 /* Project object */ = {
			isa = PBXProject;
			attributes = {
				BuildIndependentTargetsInParallel = 1;
				LastSwiftUpdateCheck = 1330;
				LastUpgradeCheck = 1330;
				TargetAttributes = {
					DB168B8228328B1F000E2670 = {
						CreatedOnToolsVersion = 13.3;
					};
					DB168B8628328B1F000E2670 = {
						CreatedOnToolsVersion = 13.3;
					};
					DB168B9128328B21000E2670 = {
						CreatedOnToolsVersion = 13.3;
					};
				};
			};
			buildConfigurationList = DB168B8028328B1F000E2670 /* Build configuration list for PBXProject "AppleWatchArchitecturePOC" */;
			compatibilityVersion = "Xcode 13.0";
			developmentRegion = en;
			hasScannedForEncodings = 0;
			knownRegions = (
				en,
				Base,
			);
			mainGroup = DB168B7C28328B1F000E2670;
			productRefGroup = DB168B8428328B1F000E2670 /* Products */;
			projectDirPath = "";
			projectRoot = "";
			targets = (
				DB168B8228328B1F000E2670 /* AppleWatchArchitecturePOC */,
				DB168B8628328B1F000E2670 /* AppleWatchArchitecturePOC WatchKit App */,
				DB168B9128328B21000E2670 /* AppleWatchArchitecturePOC WatchKit Extension */,
			);
		};
/* End PBXProject section */

/* Begin PBXResourcesBuildPhase section */
		DB168B8128328B1F000E2670 /* Resources */ = {
			isa = PBXResourcesBuildPhase;
			buildActionMask = 2147483647;
			files = (
			);
			runOnlyForDeploymentPostprocessing = 0;
		};
		DB168B8528328B1F000E2670 /* Resources */ = {
			isa = PBXResourcesBuildPhase;
			buildActionMask = 2147483647;
			files = (
				DB168B8D28328B21000E2670 /* Assets.xcassets in Resources */,
			);
			runOnlyForDeploymentPostprocessing = 0;
		};
		DB168B9028328B21000E2670 /* Resources */ = {
			isa = PBXResourcesBuildPhase;
			buildActionMask = 2147483647;
			files = (
				DB168BA528328B22000E2670 /* Preview Assets.xcassets in Resources */,
				DB168BA228328B22000E2670 /* Assets.xcassets in Resources */,
			);
			runOnlyForDeploymentPostprocessing = 0;
		};
/* End PBXResourcesBuildPhase section */

/* Begin PBXSourcesBuildPhase section */
		DB168B8E28328B21000E2670 /* Sources */ = {
			isa = PBXSourcesBuildPhase;
			buildActionMask = 2147483647;
			files = (
				DBB42BAD2835302E00CFE091 /* DigitalCrownAction.swift in Sources */,
				DB168B9C28328B21000E2670 /* NotificationController.swift in Sources */,
				DB168BB628328CDC000E2670 /* BaseAction.swift in Sources */,
				DBB42BBC2835343E00CFE091 /* ViewObserver.swift in Sources */,
				DB168B9A28328B21000E2670 /* ContentView.swift in Sources */,
				DB168BA028328B21000E2670 /* ComplicationController.swift in Sources */,
				DBB42BAF2835305C00CFE091 /* SwipeAction.swift in Sources */,
				DBB42BBA2835316800CFE091 /* GameView.swift in Sources */,
				DB168B9828328B21000E2670 /* AppleWatchArchitecturePOCApp.swift in Sources */,
				DBB42BB12835307A00CFE091 /* TapAction.swift in Sources */,
				DB168B9E28328B21000E2670 /* NotificationView.swift in Sources */,
				DB168BB82833DE11000E2670 /* GameViewModel.swift in Sources */,
			);
			runOnlyForDeploymentPostprocessing = 0;
		};
/* End PBXSourcesBuildPhase section */

/* Begin PBXTargetDependency section */
		DB168B8A28328B1F000E2670 /* PBXTargetDependency */ = {
			isa = PBXTargetDependency;
			target = DB168B8628328B1F000E2670 /* AppleWatchArchitecturePOC WatchKit App */;
			targetProxy = DB168B8928328B1F000E2670 /* PBXContainerItemProxy */;
		};
		DB168B9528328B21000E2670 /* PBXTargetDependency */ = {
			isa = PBXTargetDependency;
			target = DB168B9128328B21000E2670 /* AppleWatchArchitecturePOC WatchKit Extension */;
			targetProxy = DB168B9428328B21000E2670 /* PBXContainerItemProxy */;
		};
/* End PBXTargetDependency section */

/* Begin XCBuildConfiguration section */
		DB168BA828328B22000E2670 /* Debug */ = {
			isa = XCBuildConfiguration;
			buildSettings = {
				ALWAYS_SEARCH_USER_PATHS = NO;
				CLANG_ANALYZER_NONNULL = YES;
				CLANG_ANALYZER_NUMBER_OBJECT_CONVERSION = YES_AGGRESSIVE;
				CLANG_CXX_LANGUAGE_STANDARD = "gnu++17";
				CLANG_ENABLE_MODULES = YES;
				CLANG_ENABLE_OBJC_ARC = YES;
				CLANG_ENABLE_OBJC_WEAK = YES;
				CLANG_WARN_BLOCK_CAPTURE_AUTORELEASING = YES;
				CLANG_WARN_BOOL_CONVERSION = YES;
				CLANG_WARN_COMMA = YES;
				CLANG_WARN_CONSTANT_CONVERSION = YES;
				CLANG_WARN_DEPRECATED_OBJC_IMPLEMENTATIONS = YES;
				CLANG_WARN_DIRECT_OBJC_ISA_USAGE = YES_ERROR;
				CLANG_WARN_DOCUMENTATION_COMMENTS = YES;
				CLANG_WARN_EMPTY_BODY = YES;
				CLANG_WARN_ENUM_CONVERSION = YES;
				CLANG_WARN_INFINITE_RECURSION = YES;
				CLANG_WARN_INT_CONVERSION = YES;
				CLANG_WARN_NON_LITERAL_NULL_CONVERSION = YES;
				CLANG_WARN_OBJC_IMPLICIT_RETAIN_SELF = YES;
				CLANG_WARN_OBJC_LITERAL_CONVERSION = YES;
				CLANG_WARN_OBJC_ROOT_CLASS = YES_ERROR;
				CLANG_WARN_QUOTED_INCLUDE_IN_FRAMEWORK_HEADER = YES;
				CLANG_WARN_RANGE_LOOP_ANALYSIS = YES;
				CLANG_WARN_STRICT_PROTOTYPES = YES;
				CLANG_WARN_SUSPICIOUS_MOVE = YES;
				CLANG_WARN_UNGUARDED_AVAILABILITY = YES_AGGRESSIVE;
				CLANG_WARN_UNREACHABLE_CODE = YES;
				CLANG_WARN__DUPLICATE_METHOD_MATCH = YES;
				COPY_PHASE_STRIP = NO;
				DEBUG_INFORMATION_FORMAT = dwarf;
				ENABLE_STRICT_OBJC_MSGSEND = YES;
				ENABLE_TESTABILITY = YES;
				GCC_C_LANGUAGE_STANDARD = gnu11;
				GCC_DYNAMIC_NO_PIC = NO;
				GCC_NO_COMMON_BLOCKS = YES;
				GCC_OPTIMIZATION_LEVEL = 0;
				GCC_PREPROCESSOR_DEFINITIONS = (
					"DEBUG=1",
					"$(inherited)",
				);
				GCC_WARN_64_TO_32_BIT_CONVERSION = YES;
				GCC_WARN_ABOUT_RETURN_TYPE = YES_ERROR;
				GCC_WARN_UNDECLARED_SELECTOR = YES;
				GCC_WARN_UNINITIALIZED_AUTOS = YES_AGGRESSIVE;
				GCC_WARN_UNUSED_FUNCTION = YES;
				GCC_WARN_UNUSED_VARIABLE = YES;
				MTL_ENABLE_DEBUG_INFO = INCLUDE_SOURCE;
				MTL_FAST_MATH = YES;
				ONLY_ACTIVE_ARCH = YES;
				SDKROOT = iphoneos;
				SWIFT_ACTIVE_COMPILATION_CONDITIONS = DEBUG;
				SWIFT_OPTIMIZATION_LEVEL = "-Onone";
			};
			name = Debug;
		};
		DB168BA928328B22000E2670 /* Release */ = {
			isa = XCBuildConfiguration;
			buildSettings = {
				ALWAYS_SEARCH_USER_PATHS = NO;
				CLANG_ANALYZER_NONNULL = YES;
				CLANG_ANALYZER_NUMBER_OBJECT_CONVERSION = YES_AGGRESSIVE;
				CLANG_CXX_LANGUAGE_STANDARD = "gnu++17";
				CLANG_ENABLE_MODULES = YES;
				CLANG_ENABLE_OBJC_ARC = YES;
				CLANG_ENABLE_OBJC_WEAK = YES;
				CLANG_WARN_BLOCK_CAPTURE_AUTORELEASING = YES;
				CLANG_WARN_BOOL_CONVERSION = YES;
				CLANG_WARN_COMMA = YES;
				CLANG_WARN_CONSTANT_CONVERSION = YES;
				CLANG_WARN_DEPRECATED_OBJC_IMPLEMENTATIONS = YES;
				CLANG_WARN_DIRECT_OBJC_ISA_USAGE = YES_ERROR;
				CLANG_WARN_DOCUMENTATION_COMMENTS = YES;
				CLANG_WARN_EMPTY_BODY = YES;
				CLANG_WARN_ENUM_CONVERSION = YES;
				CLANG_WARN_INFINITE_RECURSION = YES;
				CLANG_WARN_INT_CONVERSION = YES;
				CLANG_WARN_NON_LITERAL_NULL_CONVERSION = YES;
				CLANG_WARN_OBJC_IMPLICIT_RETAIN_SELF = YES;
				CLANG_WARN_OBJC_LITERAL_CONVERSION = YES;
				CLANG_WARN_OBJC_ROOT_CLASS = YES_ERROR;
				CLANG_WARN_QUOTED_INCLUDE_IN_FRAMEWORK_HEADER = YES;
				CLANG_WARN_RANGE_LOOP_ANALYSIS = YES;
				CLANG_WARN_STRICT_PROTOTYPES = YES;
				CLANG_WARN_SUSPICIOUS_MOVE = YES;
				CLANG_WARN_UNGUARDED_AVAILABILITY = YES_AGGRESSIVE;
				CLANG_WARN_UNREACHABLE_CODE = YES;
				CLANG_WARN__DUPLICATE_METHOD_MATCH = YES;
				COPY_PHASE_STRIP = NO;
				DEBUG_INFORMATION_FORMAT = "dwarf-with-dsym";
				ENABLE_NS_ASSERTIONS = NO;
				ENABLE_STRICT_OBJC_MSGSEND = YES;
				GCC_C_LANGUAGE_STANDARD = gnu11;
				GCC_NO_COMMON_BLOCKS = YES;
				GCC_WARN_64_TO_32_BIT_CONVERSION = YES;
				GCC_WARN_ABOUT_RETURN_TYPE = YES_ERROR;
				GCC_WARN_UNDECLARED_SELECTOR = YES;
				GCC_WARN_UNINITIALIZED_AUTOS = YES_AGGRESSIVE;
				GCC_WARN_UNUSED_FUNCTION = YES;
				GCC_WARN_UNUSED_VARIABLE = YES;
				MTL_ENABLE_DEBUG_INFO = NO;
				MTL_FAST_MATH = YES;
				SDKROOT = iphoneos;
				SWIFT_COMPILATION_MODE = wholemodule;
				SWIFT_OPTIMIZATION_LEVEL = "-O";
				VALIDATE_PRODUCT = YES;
			};
			name = Release;
		};
		DB168BAB28328B22000E2670 /* Debug */ = {
			isa = XCBuildConfiguration;
			buildSettings = {
				ASSETCATALOG_COMPILER_COMPLICATION_NAME = Complication;
				CODE_SIGN_STYLE = Automatic;
				CURRENT_PROJECT_VERSION = 1;
				DEVELOPMENT_ASSET_PATHS = "\"AppleWatchArchitecturePOC WatchKit Extension/Preview Content\"";
				DEVELOPMENT_TEAM = FRMHAB2739;
				ENABLE_PREVIEWS = YES;
				GENERATE_INFOPLIST_FILE = YES;
				INFOPLIST_FILE = "AppleWatchArchitecturePOC WatchKit Extension/Info.plist";
				INFOPLIST_KEY_CFBundleDisplayName = "AppleWatchArchitecturePOC WatchKit Extension";
				INFOPLIST_KEY_CLKComplicationPrincipalClass = "$(PRODUCT_MODULE_NAME).ComplicationController";
				INFOPLIST_KEY_NSHumanReadableCopyright = "";
				INFOPLIST_KEY_WKWatchOnly = YES;
				LD_RUNPATH_SEARCH_PATHS = (
					"$(inherited)",
					"@executable_path/Frameworks",
					"@executable_path/../../Frameworks",
				);
				MARKETING_VERSION = 1.0;
				PRODUCT_BUNDLE_IDENTIFIER = Gabrielborges.AppleWatchArchitecturePOC.watchkitapp.watchkitextension;
				PRODUCT_NAME = "${TARGET_NAME}";
				SDKROOT = watchos;
				SKIP_INSTALL = YES;
				SWIFT_EMIT_LOC_STRINGS = YES;
				SWIFT_VERSION = 5.0;
				TARGETED_DEVICE_FAMILY = 4;
				WATCHOS_DEPLOYMENT_TARGET = 8.5;
			};
			name = Debug;
		};
		DB168BAC28328B22000E2670 /* Release */ = {
			isa = XCBuildConfiguration;
			buildSettings = {
				ASSETCATALOG_COMPILER_COMPLICATION_NAME = Complication;
				CODE_SIGN_STYLE = Automatic;
				CURRENT_PROJECT_VERSION = 1;
				DEVELOPMENT_ASSET_PATHS = "\"AppleWatchArchitecturePOC WatchKit Extension/Preview Content\"";
				DEVELOPMENT_TEAM = FRMHAB2739;
				ENABLE_PREVIEWS = YES;
				GENERATE_INFOPLIST_FILE = YES;
				INFOPLIST_FILE = "AppleWatchArchitecturePOC WatchKit Extension/Info.plist";
				INFOPLIST_KEY_CFBundleDisplayName = "AppleWatchArchitecturePOC WatchKit Extension";
				INFOPLIST_KEY_CLKComplicationPrincipalClass = "$(PRODUCT_MODULE_NAME).ComplicationController";
				INFOPLIST_KEY_NSHumanReadableCopyright = "";
				INFOPLIST_KEY_WKWatchOnly = YES;
				LD_RUNPATH_SEARCH_PATHS = (
					"$(inherited)",
					"@executable_path/Frameworks",
					"@executable_path/../../Frameworks",
				);
				MARKETING_VERSION = 1.0;
				PRODUCT_BUNDLE_IDENTIFIER = Gabrielborges.AppleWatchArchitecturePOC.watchkitapp.watchkitextension;
				PRODUCT_NAME = "${TARGET_NAME}";
				SDKROOT = watchos;
				SKIP_INSTALL = YES;
				SWIFT_EMIT_LOC_STRINGS = YES;
				SWIFT_VERSION = 5.0;
				TARGETED_DEVICE_FAMILY = 4;
				WATCHOS_DEPLOYMENT_TARGET = 8.5;
			};
			name = Release;
		};
		DB168BAF28328B22000E2670 /* Debug */ = {
			isa = XCBuildConfiguration;
			buildSettings = {
				ALWAYS_EMBED_SWIFT_STANDARD_LIBRARIES = YES;
				ASSETCATALOG_COMPILER_APPICON_NAME = AppIcon;
				ASSETCATALOG_COMPILER_GLOBAL_ACCENT_COLOR_NAME = AccentColor;
				CODE_SIGN_STYLE = Automatic;
				CURRENT_PROJECT_VERSION = 1;
				DEVELOPMENT_TEAM = FRMHAB2739;
				GENERATE_INFOPLIST_FILE = YES;
				IBSC_MODULE = AppleWatchArchitecturePOC_WatchKit_Extension;
				INFOPLIST_KEY_CFBundleDisplayName = "AppleWatchArchitecturePOC WatchKit App";
				INFOPLIST_KEY_UISupportedInterfaceOrientations = "UIInterfaceOrientationPortrait UIInterfaceOrientationPortraitUpsideDown";
				MARKETING_VERSION = 1.0;
				PRODUCT_BUNDLE_IDENTIFIER = Gabrielborges.AppleWatchArchitecturePOC.watchkitapp;
				PRODUCT_NAME = "$(TARGET_NAME)";
				SDKROOT = watchos;
				SKIP_INSTALL = YES;
				SWIFT_EMIT_LOC_STRINGS = YES;
				SWIFT_VERSION = 5.0;
				TARGETED_DEVICE_FAMILY = 4;
				WATCHOS_DEPLOYMENT_TARGET = 8.5;
			};
			name = Debug;
		};
		DB168BB028328B22000E2670 /* Release */ = {
			isa = XCBuildConfiguration;
			buildSettings = {
				ALWAYS_EMBED_SWIFT_STANDARD_LIBRARIES = YES;
				ASSETCATALOG_COMPILER_APPICON_NAME = AppIcon;
				ASSETCATALOG_COMPILER_GLOBAL_ACCENT_COLOR_NAME = AccentColor;
				CODE_SIGN_STYLE = Automatic;
				CURRENT_PROJECT_VERSION = 1;
				DEVELOPMENT_TEAM = FRMHAB2739;
				GENERATE_INFOPLIST_FILE = YES;
				IBSC_MODULE = AppleWatchArchitecturePOC_WatchKit_Extension;
				INFOPLIST_KEY_CFBundleDisplayName = "AppleWatchArchitecturePOC WatchKit App";
				INFOPLIST_KEY_UISupportedInterfaceOrientations = "UIInterfaceOrientationPortrait UIInterfaceOrientationPortraitUpsideDown";
				MARKETING_VERSION = 1.0;
				PRODUCT_BUNDLE_IDENTIFIER = Gabrielborges.AppleWatchArchitecturePOC.watchkitapp;
				PRODUCT_NAME = "$(TARGET_NAME)";
				SDKROOT = watchos;
				SKIP_INSTALL = YES;
				SWIFT_EMIT_LOC_STRINGS = YES;
				SWIFT_VERSION = 5.0;
				TARGETED_DEVICE_FAMILY = 4;
				WATCHOS_DEPLOYMENT_TARGET = 8.5;
			};
			name = Release;
		};
		DB168BB328328B22000E2670 /* Debug */ = {
			isa = XCBuildConfiguration;
			buildSettings = {
				CODE_SIGN_STYLE = Automatic;
				CURRENT_PROJECT_VERSION = 1;
				DEVELOPMENT_TEAM = FRMHAB2739;
				MARKETING_VERSION = 1.0;
				PRODUCT_BUNDLE_IDENTIFIER = Gabrielborges.AppleWatchArchitecturePOC;
				PRODUCT_NAME = "$(TARGET_NAME)";
				SWIFT_VERSION = 5.0;
			};
			name = Debug;
		};
		DB168BB428328B22000E2670 /* Release */ = {
			isa = XCBuildConfiguration;
			buildSettings = {
				CODE_SIGN_STYLE = Automatic;
				CURRENT_PROJECT_VERSION = 1;
				DEVELOPMENT_TEAM = FRMHAB2739;
				MARKETING_VERSION = 1.0;
				PRODUCT_BUNDLE_IDENTIFIER = Gabrielborges.AppleWatchArchitecturePOC;
				PRODUCT_NAME = "$(TARGET_NAME)";
				SWIFT_VERSION = 5.0;
			};
			name = Release;
		};
/* End XCBuildConfiguration section */

/* Begin XCConfigurationList section */
		DB168B8028328B1F000E2670 /* Build configuration list for PBXProject "AppleWatchArchitecturePOC" */ = {
			isa = XCConfigurationList;
			buildConfigurations = (
				DB168BA828328B22000E2670 /* Debug */,
				DB168BA928328B22000E2670 /* Release */,
			);
			defaultConfigurationIsVisible = 0;
			defaultConfigurationName = Release;
		};
		DB168BAA28328B22000E2670 /* Build configuration list for PBXNativeTarget "AppleWatchArchitecturePOC WatchKit Extension" */ = {
			isa = XCConfigurationList;
			buildConfigurations = (
				DB168BAB28328B22000E2670 /* Debug */,
				DB168BAC28328B22000E2670 /* Release */,
			);
			defaultConfigurationIsVisible = 0;
			defaultConfigurationName = Release;
		};
		DB168BAE28328B22000E2670 /* Build configuration list for PBXNativeTarget "AppleWatchArchitecturePOC WatchKit App" */ = {
			isa = XCConfigurationList;
			buildConfigurations = (
				DB168BAF28328B22000E2670 /* Debug */,
				DB168BB028328B22000E2670 /* Release */,
			);
			defaultConfigurationIsVisible = 0;
			defaultConfigurationName = Release;
		};
		DB168BB228328B22000E2670 /* Build configuration list for PBXNativeTarget "AppleWatchArchitecturePOC" */ = {
			isa = XCConfigurationList;
			buildConfigurations = (
				DB168BB328328B22000E2670 /* Debug */,
				DB168BB428328B22000E2670 /* Release */,
			);
			defaultConfigurationIsVisible = 0;
			defaultConfigurationName = Release;
		};
/* End XCConfigurationList section */
	};
	rootObject = DB168B7D28328B1F000E2670 /* Project object */;
}
